
Microsoft Visual Studio Solution File, Format Version 12.00
# Visual Studio 15
VisualStudioVersion = 15.0.28010.2016
MinimumVisualStudioVersion = 10.0.40219.1
Project("{9A19103F-16F7-4668-BE54-9A1E7A4F7556}") = "ServiceStack.Text", "..\..\..\..\Source\ServiceStack.Text\src\ServiceStack.Text\ServiceStack.Text.csproj", "{62325193-82A8-4DF0-A039-0F2472738349}"
EndProject
Project("{9A19103F-16F7-4668-BE54-9A1E7A4F7556}") = "ServiceStack.Interfaces", "..\..\..\..\Source\ServiceStack\src\ServiceStack.Interfaces\ServiceStack.Interfaces.csproj", "{C08C4959-9399-400D-99B1-81715DAD3290}"
EndProject
Project("{9A19103F-16F7-4668-BE54-9A1E7A4F7556}") = "ServiceStack.Client", "..\..\..\..\Source\ServiceStack\src\ServiceStack.Client\ServiceStack.Client.Source.csproj", "{9D82711F-B34A-49BB-ADA7-B59CA828CE0E}"
EndProject
Project("{9A19103F-16F7-4668-BE54-9A1E7A4F7556}") = "ServiceStack.Common", "..\..\..\..\Source\ServiceStack\src\ServiceStack.Common\ServiceStack.Common.Source.csproj", "{C29EA0D0-0A16-4D5B-86A7-2C9246A00667}"
EndProject
Project("{9A19103F-16F7-4668-BE54-9A1E7A4F7556}") = "ServiceStack", "..\..\..\..\Source\ServiceStack\src\ServiceStack\ServiceStack.Source.csproj", "{12410F27-8E1A-4B2E-ACB8-D9BEEC924484}"
EndProject
Project("{9A19103F-16F7-4668-BE54-9A1E7A4F7556}") = "ServiceStack.Server", "..\..\..\..\Source\ServiceStack\src\ServiceStack.Server\ServiceStack.Server.Source.csproj", "{382BAA63-6A95-4DED-A26B-882C23F17000}"
EndProject
Project("{9A19103F-16F7-4668-BE54-9A1E7A4F7556}") = "ServiceStack.Api.OpenApi", "..\..\..\..\Source\ServiceStack\src\ServiceStack.Api.OpenApi\ServiceStack.Api.OpenApi.Source.csproj", "{6D14AC7A-993A-4DA9-BD74-F383EE24AA36}"
EndProject
Project("{9A19103F-16F7-4668-BE54-9A1E7A4F7556}") = "ServiceStack.OrmLite", "..\..\..\..\Source\ServiceStack.OrmLite\src\ServiceStack.OrmLite\ServiceStack.OrmLite.Source.csproj", "{82D1F689-09CD-476E-8B1F-5FE5BC7AD650}"
EndProject
Project("{9A19103F-16F7-4668-BE54-9A1E7A4F7556}") = "ServiceStack.OrmLite.Sqlite", "..\..\..\..\Source\ServiceStack.OrmLite\src\ServiceStack.OrmLite.Sqlite\ServiceStack.OrmLite.Sqlite.Source.csproj", "{0B9DEE27-2982-4D50-8B6C-4C897DB8208C}"
EndProject
Project("{9A19103F-16F7-4668-BE54-9A1E7A4F7556}") = "ServiceStack.OrmLite.SqlServer", "..\..\..\..\Source\ServiceStack.OrmLite\src\ServiceStack.OrmLite.SqlServer\ServiceStack.OrmLite.SqlServer.Source.csproj", "{207248AC-1632-45D2-B1DC-CC6C44025970}"
EndProject
Project("{9A19103F-16F7-4668-BE54-9A1E7A4F7556}") = "ServiceStack.OrmLite.MySql", "..\..\..\..\Source\ServiceStack.OrmLite\src\ServiceStack.OrmLite.MySql\ServiceStack.OrmLite.MySql.Source.csproj", "{35A86BAC-B428-4C38-A9C0-4DB27F1A5DAA}"
EndProject
Project("{9A19103F-16F7-4668-BE54-9A1E7A4F7556}") = "ServiceStack.OrmLite.PostgreSQL", "..\..\..\..\Source\ServiceStack.OrmLite\src\ServiceStack.OrmLite.PostgreSQL\ServiceStack.OrmLite.PostgreSQL.Source.csproj", "{6EBA67C2-E436-478F-9B75-C8B58D7B553F}"
EndProject
Project("{9A19103F-16F7-4668-BE54-9A1E7A4F7556}") = "ServiceStack.Redis", "..\..\..\..\Source\ServiceStack.Redis\src\ServiceStack.Redis\ServiceStack.Redis.Source.csproj", "{134B728D-439A-41FC-BB6A-E2FEF8E28870}"
EndProject
Project("{9A19103F-16F7-4668-BE54-9A1E7A4F7556}") = "ServiceStack.Aws", "..\..\..\..\Source\ServiceStack.Aws\src\ServiceStack.Aws\ServiceStack.Aws.Source.csproj", "{17B75985-36ED-470B-BDA9-1F55142EAEB3}"
EndProject
Project("{9A19103F-16F7-4668-BE54-9A1E7A4F7556}") = "ServiceStack.Azure", "..\..\..\..\Source\ServiceStack.Azure\src\ServiceStack.Azure\ServiceStack.Azure.Source.csproj", "{33ABFFFA-044D-46E4-BDA9-DBB2391E05F2}"
EndProject
Project("{9A19103F-16F7-4668-BE54-9A1E7A4F7556}") = "App", "App\App.csproj", "{ACDB2C4C-CF32-4E17-893E-5AAAF7A6CF31}"
EndProject
Project("{FAE04EC0-301F-11D3-BF4B-00C04F79EFBC}") = "Web", "Web\Web.csproj", "{B4C1AA35-1AE8-4EDD-87C3-1B20A745F38F}"
EndProject
Project("{2150E333-8FDC-42A3-9474-1A3956D46DE8}") = "ServiceStack", "ServiceStack", "{67196256-5B58-487D-BB47-887EB5BF083A}"
EndProject
Project("{FAE04EC0-301F-11D3-BF4B-00C04F79EFBC}") = "Test", "Test\Test.csproj", "{6FCBC2EF-AFF7-4698-B1D7-3C2EAB1FA9A5}"
EndProject
Project("{FAE04EC0-301F-11D3-BF4B-00C04F79EFBC}") = "Mix", "Mix\Mix.csproj", "{3BD267C2-499B-42B1-AE30-7EA9CA3A4DE9}"
EndProject
Project("{2150E333-8FDC-42A3-9474-1A3956D46DE8}") = "ExamplePlugins", "ExamplePlugins", "{2CED8076-9242-4C3B-89F6-46FB9E1BCB08}"
EndProject
Project("{FAE04EC0-301F-11D3-BF4B-00C04F79EFBC}") = "Chat", "example-plugins\Chat\Chat.csproj", "{4EE5EC1E-4884-4308-AD59-CC7797CC2E1D}"
EndProject
Project("{FAE04EC0-301F-11D3-BF4B-00C04F79EFBC}") = "ScriptInfo", "example-plugins\ScriptInfo\ScriptInfo.csproj", "{F4AD1B9F-606E-4F8F-B057-42F652519A19}"
EndProject
Project("{FAE04EC0-301F-11D3-BF4B-00C04F79EFBC}") = "ServerInfo", "example-plugins\ServerInfo\ServerInfo.csproj", "{EA757487-B47F-47C7-AB61-FEE5479E3CA6}"
EndProject
Project("{FAE04EC0-301F-11D3-BF4B-00C04F79EFBC}") = "X", "X\X.csproj", "{3865D2A9-F028-4039-9C01-85C4138865E1}"
EndProject
Project("{FAE04EC0-301F-11D3-BF4B-00C04F79EFBC}") = "ServiceStack.CefGlue.Win64", "..\..\ServiceStack.CefGlue\src\ServiceStack.CefGlue.Win64\ServiceStack.CefGlue.Win64.csproj", "{3C97C5D9-7141-4B06-A858-DFBD0D55E8DE}"
EndProject
Project("{2150E333-8FDC-42A3-9474-1A3956D46DE8}") = "tools", "tools", "{33BA021F-28C2-43F6-A7E4-628849933C12}"
EndProject
Project("{FAE04EC0-301F-11D3-BF4B-00C04F79EFBC}") = "ServiceStack.CefGlue", "..\..\ServiceStack.CefGlue\src\ServiceStack.CefGlue\ServiceStack.CefGlue.csproj", "{0000F7C4-2A04-4F00-BC63-929AC848FD1E}"
EndProject
Project("{FAE04EC0-301F-11D3-BF4B-00C04F79EFBC}") = "ServiceStack.Desktop.Source", "..\..\..\Source\ServiceStack\src\ServiceStack.Desktop\ServiceStack.Desktop.Source.csproj", "{AA808872-60A7-49D1-9482-CB19D62B4018}"
EndProject
Global
	GlobalSection(SolutionConfigurationPlatforms) = preSolution
		Debug|Any CPU = Debug|Any CPU
		Debug|x64 = Debug|x64
		Debug|x86 = Debug|x86
		Release|Any CPU = Release|Any CPU
		Release|x64 = Release|x64
		Release|x86 = Release|x86
	EndGlobalSection
	GlobalSection(ProjectConfigurationPlatforms) = postSolution
		{62325193-82A8-4DF0-A039-0F2472738349}.Debug|Any CPU.ActiveCfg = Debug|Any CPU
		{62325193-82A8-4DF0-A039-0F2472738349}.Debug|Any CPU.Build.0 = Debug|Any CPU
		{62325193-82A8-4DF0-A039-0F2472738349}.Debug|x64.ActiveCfg = Debug|Any CPU
		{62325193-82A8-4DF0-A039-0F2472738349}.Debug|x64.Build.0 = Debug|Any CPU
		{62325193-82A8-4DF0-A039-0F2472738349}.Debug|x86.ActiveCfg = Debug|Any CPU
		{62325193-82A8-4DF0-A039-0F2472738349}.Debug|x86.Build.0 = Debug|Any CPU
		{62325193-82A8-4DF0-A039-0F2472738349}.Release|Any CPU.ActiveCfg = Release|Any CPU
		{62325193-82A8-4DF0-A039-0F2472738349}.Release|Any CPU.Build.0 = Release|Any CPU
		{62325193-82A8-4DF0-A039-0F2472738349}.Release|x64.ActiveCfg = Release|Any CPU
		{62325193-82A8-4DF0-A039-0F2472738349}.Release|x64.Build.0 = Release|Any CPU
		{62325193-82A8-4DF0-A039-0F2472738349}.Release|x86.ActiveCfg = Release|Any CPU
		{62325193-82A8-4DF0-A039-0F2472738349}.Release|x86.Build.0 = Release|Any CPU
		{C08C4959-9399-400D-99B1-81715DAD3290}.Debug|Any CPU.ActiveCfg = Debug|Any CPU
		{C08C4959-9399-400D-99B1-81715DAD3290}.Debug|Any CPU.Build.0 = Debug|Any CPU
		{C08C4959-9399-400D-99B1-81715DAD3290}.Debug|x64.ActiveCfg = Debug|Any CPU
		{C08C4959-9399-400D-99B1-81715DAD3290}.Debug|x64.Build.0 = Debug|Any CPU
		{C08C4959-9399-400D-99B1-81715DAD3290}.Debug|x86.ActiveCfg = Debug|Any CPU
		{C08C4959-9399-400D-99B1-81715DAD3290}.Debug|x86.Build.0 = Debug|Any CPU
		{C08C4959-9399-400D-99B1-81715DAD3290}.Release|Any CPU.ActiveCfg = Release|Any CPU
		{C08C4959-9399-400D-99B1-81715DAD3290}.Release|Any CPU.Build.0 = Release|Any CPU
		{C08C4959-9399-400D-99B1-81715DAD3290}.Release|x64.ActiveCfg = Release|Any CPU
		{C08C4959-9399-400D-99B1-81715DAD3290}.Release|x64.Build.0 = Release|Any CPU
		{C08C4959-9399-400D-99B1-81715DAD3290}.Release|x86.ActiveCfg = Release|Any CPU
		{C08C4959-9399-400D-99B1-81715DAD3290}.Release|x86.Build.0 = Release|Any CPU
		{9D82711F-B34A-49BB-ADA7-B59CA828CE0E}.Debug|Any CPU.ActiveCfg = Debug|Any CPU
		{9D82711F-B34A-49BB-ADA7-B59CA828CE0E}.Debug|Any CPU.Build.0 = Debug|Any CPU
		{9D82711F-B34A-49BB-ADA7-B59CA828CE0E}.Debug|x64.ActiveCfg = Debug|Any CPU
		{9D82711F-B34A-49BB-ADA7-B59CA828CE0E}.Debug|x64.Build.0 = Debug|Any CPU
		{9D82711F-B34A-49BB-ADA7-B59CA828CE0E}.Debug|x86.ActiveCfg = Debug|Any CPU
		{9D82711F-B34A-49BB-ADA7-B59CA828CE0E}.Debug|x86.Build.0 = Debug|Any CPU
		{9D82711F-B34A-49BB-ADA7-B59CA828CE0E}.Release|Any CPU.ActiveCfg = Release|Any CPU
		{9D82711F-B34A-49BB-ADA7-B59CA828CE0E}.Release|Any CPU.Build.0 = Release|Any CPU
		{9D82711F-B34A-49BB-ADA7-B59CA828CE0E}.Release|x64.ActiveCfg = Release|Any CPU
		{9D82711F-B34A-49BB-ADA7-B59CA828CE0E}.Release|x64.Build.0 = Release|Any CPU
		{9D82711F-B34A-49BB-ADA7-B59CA828CE0E}.Release|x86.ActiveCfg = Release|Any CPU
		{9D82711F-B34A-49BB-ADA7-B59CA828CE0E}.Release|x86.Build.0 = Release|Any CPU
		{C29EA0D0-0A16-4D5B-86A7-2C9246A00667}.Debug|Any CPU.ActiveCfg = Debug|Any CPU
		{C29EA0D0-0A16-4D5B-86A7-2C9246A00667}.Debug|Any CPU.Build.0 = Debug|Any CPU
		{C29EA0D0-0A16-4D5B-86A7-2C9246A00667}.Debug|x64.ActiveCfg = Debug|Any CPU
		{C29EA0D0-0A16-4D5B-86A7-2C9246A00667}.Debug|x64.Build.0 = Debug|Any CPU
		{C29EA0D0-0A16-4D5B-86A7-2C9246A00667}.Debug|x86.ActiveCfg = Debug|Any CPU
		{C29EA0D0-0A16-4D5B-86A7-2C9246A00667}.Debug|x86.Build.0 = Debug|Any CPU
		{C29EA0D0-0A16-4D5B-86A7-2C9246A00667}.Release|Any CPU.ActiveCfg = Release|Any CPU
		{C29EA0D0-0A16-4D5B-86A7-2C9246A00667}.Release|Any CPU.Build.0 = Release|Any CPU
		{C29EA0D0-0A16-4D5B-86A7-2C9246A00667}.Release|x64.ActiveCfg = Release|Any CPU
		{C29EA0D0-0A16-4D5B-86A7-2C9246A00667}.Release|x64.Build.0 = Release|Any CPU
		{C29EA0D0-0A16-4D5B-86A7-2C9246A00667}.Release|x86.ActiveCfg = Release|Any CPU
		{C29EA0D0-0A16-4D5B-86A7-2C9246A00667}.Release|x86.Build.0 = Release|Any CPU
		{12410F27-8E1A-4B2E-ACB8-D9BEEC924484}.Debug|Any CPU.ActiveCfg = Debug|Any CPU
		{12410F27-8E1A-4B2E-ACB8-D9BEEC924484}.Debug|Any CPU.Build.0 = Debug|Any CPU
		{12410F27-8E1A-4B2E-ACB8-D9BEEC924484}.Debug|x64.ActiveCfg = Debug|Any CPU
		{12410F27-8E1A-4B2E-ACB8-D9BEEC924484}.Debug|x64.Build.0 = Debug|Any CPU
		{12410F27-8E1A-4B2E-ACB8-D9BEEC924484}.Debug|x86.ActiveCfg = Debug|Any CPU
		{12410F27-8E1A-4B2E-ACB8-D9BEEC924484}.Debug|x86.Build.0 = Debug|Any CPU
		{12410F27-8E1A-4B2E-ACB8-D9BEEC924484}.Release|Any CPU.ActiveCfg = Release|Any CPU
		{12410F27-8E1A-4B2E-ACB8-D9BEEC924484}.Release|Any CPU.Build.0 = Release|Any CPU
		{12410F27-8E1A-4B2E-ACB8-D9BEEC924484}.Release|x64.ActiveCfg = Release|Any CPU
		{12410F27-8E1A-4B2E-ACB8-D9BEEC924484}.Release|x64.Build.0 = Release|Any CPU
		{12410F27-8E1A-4B2E-ACB8-D9BEEC924484}.Release|x86.ActiveCfg = Release|Any CPU
		{12410F27-8E1A-4B2E-ACB8-D9BEEC924484}.Release|x86.Build.0 = Release|Any CPU
		{382BAA63-6A95-4DED-A26B-882C23F17000}.Debug|Any CPU.ActiveCfg = Debug|Any CPU
		{382BAA63-6A95-4DED-A26B-882C23F17000}.Debug|Any CPU.Build.0 = Debug|Any CPU
		{382BAA63-6A95-4DED-A26B-882C23F17000}.Debug|x64.ActiveCfg = Debug|Any CPU
		{382BAA63-6A95-4DED-A26B-882C23F17000}.Debug|x64.Build.0 = Debug|Any CPU
		{382BAA63-6A95-4DED-A26B-882C23F17000}.Debug|x86.ActiveCfg = Debug|Any CPU
		{382BAA63-6A95-4DED-A26B-882C23F17000}.Debug|x86.Build.0 = Debug|Any CPU
		{382BAA63-6A95-4DED-A26B-882C23F17000}.Release|Any CPU.ActiveCfg = Release|Any CPU
		{382BAA63-6A95-4DED-A26B-882C23F17000}.Release|Any CPU.Build.0 = Release|Any CPU
		{382BAA63-6A95-4DED-A26B-882C23F17000}.Release|x64.ActiveCfg = Release|Any CPU
		{382BAA63-6A95-4DED-A26B-882C23F17000}.Release|x64.Build.0 = Release|Any CPU
		{382BAA63-6A95-4DED-A26B-882C23F17000}.Release|x86.ActiveCfg = Release|Any CPU
		{382BAA63-6A95-4DED-A26B-882C23F17000}.Release|x86.Build.0 = Release|Any CPU
		{6D14AC7A-993A-4DA9-BD74-F383EE24AA36}.Debug|Any CPU.ActiveCfg = Debug|Any CPU
		{6D14AC7A-993A-4DA9-BD74-F383EE24AA36}.Debug|Any CPU.Build.0 = Debug|Any CPU
		{6D14AC7A-993A-4DA9-BD74-F383EE24AA36}.Debug|x64.ActiveCfg = Debug|Any CPU
		{6D14AC7A-993A-4DA9-BD74-F383EE24AA36}.Debug|x64.Build.0 = Debug|Any CPU
		{6D14AC7A-993A-4DA9-BD74-F383EE24AA36}.Debug|x86.ActiveCfg = Debug|Any CPU
		{6D14AC7A-993A-4DA9-BD74-F383EE24AA36}.Debug|x86.Build.0 = Debug|Any CPU
		{6D14AC7A-993A-4DA9-BD74-F383EE24AA36}.Release|Any CPU.ActiveCfg = Release|Any CPU
		{6D14AC7A-993A-4DA9-BD74-F383EE24AA36}.Release|Any CPU.Build.0 = Release|Any CPU
		{6D14AC7A-993A-4DA9-BD74-F383EE24AA36}.Release|x64.ActiveCfg = Release|Any CPU
		{6D14AC7A-993A-4DA9-BD74-F383EE24AA36}.Release|x64.Build.0 = Release|Any CPU
		{6D14AC7A-993A-4DA9-BD74-F383EE24AA36}.Release|x86.ActiveCfg = Release|Any CPU
		{6D14AC7A-993A-4DA9-BD74-F383EE24AA36}.Release|x86.Build.0 = Release|Any CPU
		{82D1F689-09CD-476E-8B1F-5FE5BC7AD650}.Debug|Any CPU.ActiveCfg = Debug|Any CPU
		{82D1F689-09CD-476E-8B1F-5FE5BC7AD650}.Debug|Any CPU.Build.0 = Debug|Any CPU
		{82D1F689-09CD-476E-8B1F-5FE5BC7AD650}.Debug|x64.ActiveCfg = Debug|Any CPU
		{82D1F689-09CD-476E-8B1F-5FE5BC7AD650}.Debug|x64.Build.0 = Debug|Any CPU
		{82D1F689-09CD-476E-8B1F-5FE5BC7AD650}.Debug|x86.ActiveCfg = Debug|Any CPU
		{82D1F689-09CD-476E-8B1F-5FE5BC7AD650}.Debug|x86.Build.0 = Debug|Any CPU
		{82D1F689-09CD-476E-8B1F-5FE5BC7AD650}.Release|Any CPU.ActiveCfg = Release|Any CPU
		{82D1F689-09CD-476E-8B1F-5FE5BC7AD650}.Release|Any CPU.Build.0 = Release|Any CPU
		{82D1F689-09CD-476E-8B1F-5FE5BC7AD650}.Release|x64.ActiveCfg = Release|Any CPU
		{82D1F689-09CD-476E-8B1F-5FE5BC7AD650}.Release|x64.Build.0 = Release|Any CPU
		{82D1F689-09CD-476E-8B1F-5FE5BC7AD650}.Release|x86.ActiveCfg = Release|Any CPU
		{82D1F689-09CD-476E-8B1F-5FE5BC7AD650}.Release|x86.Build.0 = Release|Any CPU
		{0B9DEE27-2982-4D50-8B6C-4C897DB8208C}.Debug|Any CPU.ActiveCfg = Debug|Any CPU
		{0B9DEE27-2982-4D50-8B6C-4C897DB8208C}.Debug|Any CPU.Build.0 = Debug|Any CPU
		{0B9DEE27-2982-4D50-8B6C-4C897DB8208C}.Debug|x64.ActiveCfg = Debug|Any CPU
		{0B9DEE27-2982-4D50-8B6C-4C897DB8208C}.Debug|x64.Build.0 = Debug|Any CPU
		{0B9DEE27-2982-4D50-8B6C-4C897DB8208C}.Debug|x86.ActiveCfg = Debug|Any CPU
		{0B9DEE27-2982-4D50-8B6C-4C897DB8208C}.Debug|x86.Build.0 = Debug|Any CPU
		{0B9DEE27-2982-4D50-8B6C-4C897DB8208C}.Release|Any CPU.ActiveCfg = Release|Any CPU
		{0B9DEE27-2982-4D50-8B6C-4C897DB8208C}.Release|Any CPU.Build.0 = Release|Any CPU
		{0B9DEE27-2982-4D50-8B6C-4C897DB8208C}.Release|x64.ActiveCfg = Release|Any CPU
		{0B9DEE27-2982-4D50-8B6C-4C897DB8208C}.Release|x64.Build.0 = Release|Any CPU
		{0B9DEE27-2982-4D50-8B6C-4C897DB8208C}.Release|x86.ActiveCfg = Release|Any CPU
		{0B9DEE27-2982-4D50-8B6C-4C897DB8208C}.Release|x86.Build.0 = Release|Any CPU
		{207248AC-1632-45D2-B1DC-CC6C44025970}.Debug|Any CPU.ActiveCfg = Debug|Any CPU
		{207248AC-1632-45D2-B1DC-CC6C44025970}.Debug|Any CPU.Build.0 = Debug|Any CPU
		{207248AC-1632-45D2-B1DC-CC6C44025970}.Debug|x64.ActiveCfg = Debug|Any CPU
		{207248AC-1632-45D2-B1DC-CC6C44025970}.Debug|x64.Build.0 = Debug|Any CPU
		{207248AC-1632-45D2-B1DC-CC6C44025970}.Debug|x86.ActiveCfg = Debug|Any CPU
		{207248AC-1632-45D2-B1DC-CC6C44025970}.Debug|x86.Build.0 = Debug|Any CPU
		{207248AC-1632-45D2-B1DC-CC6C44025970}.Release|Any CPU.ActiveCfg = Release|Any CPU
		{207248AC-1632-45D2-B1DC-CC6C44025970}.Release|Any CPU.Build.0 = Release|Any CPU
		{207248AC-1632-45D2-B1DC-CC6C44025970}.Release|x64.ActiveCfg = Release|Any CPU
		{207248AC-1632-45D2-B1DC-CC6C44025970}.Release|x64.Build.0 = Release|Any CPU
		{207248AC-1632-45D2-B1DC-CC6C44025970}.Release|x86.ActiveCfg = Release|Any CPU
		{207248AC-1632-45D2-B1DC-CC6C44025970}.Release|x86.Build.0 = Release|Any CPU
		{35A86BAC-B428-4C38-A9C0-4DB27F1A5DAA}.Debug|Any CPU.ActiveCfg = Debug|Any CPU
		{35A86BAC-B428-4C38-A9C0-4DB27F1A5DAA}.Debug|Any CPU.Build.0 = Debug|Any CPU
		{35A86BAC-B428-4C38-A9C0-4DB27F1A5DAA}.Debug|x64.ActiveCfg = Debug|Any CPU
		{35A86BAC-B428-4C38-A9C0-4DB27F1A5DAA}.Debug|x64.Build.0 = Debug|Any CPU
		{35A86BAC-B428-4C38-A9C0-4DB27F1A5DAA}.Debug|x86.ActiveCfg = Debug|Any CPU
		{35A86BAC-B428-4C38-A9C0-4DB27F1A5DAA}.Debug|x86.Build.0 = Debug|Any CPU
		{35A86BAC-B428-4C38-A9C0-4DB27F1A5DAA}.Release|Any CPU.ActiveCfg = Release|Any CPU
		{35A86BAC-B428-4C38-A9C0-4DB27F1A5DAA}.Release|Any CPU.Build.0 = Release|Any CPU
		{35A86BAC-B428-4C38-A9C0-4DB27F1A5DAA}.Release|x64.ActiveCfg = Release|Any CPU
		{35A86BAC-B428-4C38-A9C0-4DB27F1A5DAA}.Release|x64.Build.0 = Release|Any CPU
		{35A86BAC-B428-4C38-A9C0-4DB27F1A5DAA}.Release|x86.ActiveCfg = Release|Any CPU
		{35A86BAC-B428-4C38-A9C0-4DB27F1A5DAA}.Release|x86.Build.0 = Release|Any CPU
		{6EBA67C2-E436-478F-9B75-C8B58D7B553F}.Debug|Any CPU.ActiveCfg = Debug|Any CPU
		{6EBA67C2-E436-478F-9B75-C8B58D7B553F}.Debug|Any CPU.Build.0 = Debug|Any CPU
		{6EBA67C2-E436-478F-9B75-C8B58D7B553F}.Debug|x64.ActiveCfg = Debug|Any CPU
		{6EBA67C2-E436-478F-9B75-C8B58D7B553F}.Debug|x64.Build.0 = Debug|Any CPU
		{6EBA67C2-E436-478F-9B75-C8B58D7B553F}.Debug|x86.ActiveCfg = Debug|Any CPU
		{6EBA67C2-E436-478F-9B75-C8B58D7B553F}.Debug|x86.Build.0 = Debug|Any CPU
		{6EBA67C2-E436-478F-9B75-C8B58D7B553F}.Release|Any CPU.ActiveCfg = Release|Any CPU
		{6EBA67C2-E436-478F-9B75-C8B58D7B553F}.Release|Any CPU.Build.0 = Release|Any CPU
		{6EBA67C2-E436-478F-9B75-C8B58D7B553F}.Release|x64.ActiveCfg = Release|Any CPU
		{6EBA67C2-E436-478F-9B75-C8B58D7B553F}.Release|x64.Build.0 = Release|Any CPU
		{6EBA67C2-E436-478F-9B75-C8B58D7B553F}.Release|x86.ActiveCfg = Release|Any CPU
		{6EBA67C2-E436-478F-9B75-C8B58D7B553F}.Release|x86.Build.0 = Release|Any CPU
		{134B728D-439A-41FC-BB6A-E2FEF8E28870}.Debug|Any CPU.ActiveCfg = Debug|Any CPU
		{134B728D-439A-41FC-BB6A-E2FEF8E28870}.Debug|Any CPU.Build.0 = Debug|Any CPU
		{134B728D-439A-41FC-BB6A-E2FEF8E28870}.Debug|x64.ActiveCfg = Debug|Any CPU
		{134B728D-439A-41FC-BB6A-E2FEF8E28870}.Debug|x64.Build.0 = Debug|Any CPU
		{134B728D-439A-41FC-BB6A-E2FEF8E28870}.Debug|x86.ActiveCfg = Debug|Any CPU
		{134B728D-439A-41FC-BB6A-E2FEF8E28870}.Debug|x86.Build.0 = Debug|Any CPU
		{134B728D-439A-41FC-BB6A-E2FEF8E28870}.Release|Any CPU.ActiveCfg = Release|Any CPU
		{134B728D-439A-41FC-BB6A-E2FEF8E28870}.Release|Any CPU.Build.0 = Release|Any CPU
		{134B728D-439A-41FC-BB6A-E2FEF8E28870}.Release|x64.ActiveCfg = Release|Any CPU
		{134B728D-439A-41FC-BB6A-E2FEF8E28870}.Release|x64.Build.0 = Release|Any CPU
		{134B728D-439A-41FC-BB6A-E2FEF8E28870}.Release|x86.ActiveCfg = Release|Any CPU
		{134B728D-439A-41FC-BB6A-E2FEF8E28870}.Release|x86.Build.0 = Release|Any CPU
		{17B75985-36ED-470B-BDA9-1F55142EAEB3}.Debug|Any CPU.ActiveCfg = Debug|Any CPU
		{17B75985-36ED-470B-BDA9-1F55142EAEB3}.Debug|Any CPU.Build.0 = Debug|Any CPU
		{17B75985-36ED-470B-BDA9-1F55142EAEB3}.Debug|x64.ActiveCfg = Debug|Any CPU
		{17B75985-36ED-470B-BDA9-1F55142EAEB3}.Debug|x64.Build.0 = Debug|Any CPU
		{17B75985-36ED-470B-BDA9-1F55142EAEB3}.Debug|x86.ActiveCfg = Debug|Any CPU
		{17B75985-36ED-470B-BDA9-1F55142EAEB3}.Debug|x86.Build.0 = Debug|Any CPU
		{17B75985-36ED-470B-BDA9-1F55142EAEB3}.Release|Any CPU.ActiveCfg = Release|Any CPU
		{17B75985-36ED-470B-BDA9-1F55142EAEB3}.Release|Any CPU.Build.0 = Release|Any CPU
		{17B75985-36ED-470B-BDA9-1F55142EAEB3}.Release|x64.ActiveCfg = Release|Any CPU
		{17B75985-36ED-470B-BDA9-1F55142EAEB3}.Release|x64.Build.0 = Release|Any CPU
		{17B75985-36ED-470B-BDA9-1F55142EAEB3}.Release|x86.ActiveCfg = Release|Any CPU
		{17B75985-36ED-470B-BDA9-1F55142EAEB3}.Release|x86.Build.0 = Release|Any CPU
		{33ABFFFA-044D-46E4-BDA9-DBB2391E05F2}.Debug|Any CPU.ActiveCfg = Debug|Any CPU
		{33ABFFFA-044D-46E4-BDA9-DBB2391E05F2}.Debug|Any CPU.Build.0 = Debug|Any CPU
		{33ABFFFA-044D-46E4-BDA9-DBB2391E05F2}.Debug|x64.ActiveCfg = Debug|Any CPU
		{33ABFFFA-044D-46E4-BDA9-DBB2391E05F2}.Debug|x64.Build.0 = Debug|Any CPU
		{33ABFFFA-044D-46E4-BDA9-DBB2391E05F2}.Debug|x86.ActiveCfg = Debug|Any CPU
		{33ABFFFA-044D-46E4-BDA9-DBB2391E05F2}.Debug|x86.Build.0 = Debug|Any CPU
		{33ABFFFA-044D-46E4-BDA9-DBB2391E05F2}.Release|Any CPU.ActiveCfg = Release|Any CPU
		{33ABFFFA-044D-46E4-BDA9-DBB2391E05F2}.Release|Any CPU.Build.0 = Release|Any CPU
		{33ABFFFA-044D-46E4-BDA9-DBB2391E05F2}.Release|x64.ActiveCfg = Release|Any CPU
		{33ABFFFA-044D-46E4-BDA9-DBB2391E05F2}.Release|x64.Build.0 = Release|Any CPU
		{33ABFFFA-044D-46E4-BDA9-DBB2391E05F2}.Release|x86.ActiveCfg = Release|Any CPU
		{33ABFFFA-044D-46E4-BDA9-DBB2391E05F2}.Release|x86.Build.0 = Release|Any CPU
		{ACDB2C4C-CF32-4E17-893E-5AAAF7A6CF31}.Debug|x64.ActiveCfg = Debug|x64
		{ACDB2C4C-CF32-4E17-893E-5AAAF7A6CF31}.Debug|x64.Build.0 = Debug|x64
		{ACDB2C4C-CF32-4E17-893E-5AAAF7A6CF31}.Debug|x86.ActiveCfg = Debug|x86
		{ACDB2C4C-CF32-4E17-893E-5AAAF7A6CF31}.Debug|x86.Build.0 = Debug|x86
		{ACDB2C4C-CF32-4E17-893E-5AAAF7A6CF31}.Release|Any CPU.ActiveCfg = Release|x86
		{ACDB2C4C-CF32-4E17-893E-5AAAF7A6CF31}.Release|x64.ActiveCfg = Release|x64
		{ACDB2C4C-CF32-4E17-893E-5AAAF7A6CF31}.Release|x64.Build.0 = Release|x64
		{ACDB2C4C-CF32-4E17-893E-5AAAF7A6CF31}.Release|x86.ActiveCfg = Release|x86
		{ACDB2C4C-CF32-4E17-893E-5AAAF7A6CF31}.Release|x86.Build.0 = Release|x86
		{ACDB2C4C-CF32-4E17-893E-5AAAF7A6CF31}.Debug|Any CPU.ActiveCfg = Release|x64
		{ACDB2C4C-CF32-4E17-893E-5AAAF7A6CF31}.Debug|Any CPU.Build.0 = Release|x64
		{B4C1AA35-1AE8-4EDD-87C3-1B20A745F38F}.Debug|Any CPU.ActiveCfg = Debug|Any CPU
		{B4C1AA35-1AE8-4EDD-87C3-1B20A745F38F}.Debug|Any CPU.Build.0 = Debug|Any CPU
		{B4C1AA35-1AE8-4EDD-87C3-1B20A745F38F}.Debug|x64.ActiveCfg = Debug|Any CPU
		{B4C1AA35-1AE8-4EDD-87C3-1B20A745F38F}.Debug|x64.Build.0 = Debug|Any CPU
		{B4C1AA35-1AE8-4EDD-87C3-1B20A745F38F}.Debug|x86.ActiveCfg = Debug|Any CPU
		{B4C1AA35-1AE8-4EDD-87C3-1B20A745F38F}.Debug|x86.Build.0 = Debug|Any CPU
		{B4C1AA35-1AE8-4EDD-87C3-1B20A745F38F}.Release|Any CPU.ActiveCfg = Release|Any CPU
		{B4C1AA35-1AE8-4EDD-87C3-1B20A745F38F}.Release|Any CPU.Build.0 = Release|Any CPU
		{B4C1AA35-1AE8-4EDD-87C3-1B20A745F38F}.Release|x64.ActiveCfg = Release|Any CPU
		{B4C1AA35-1AE8-4EDD-87C3-1B20A745F38F}.Release|x64.Build.0 = Release|Any CPU
		{B4C1AA35-1AE8-4EDD-87C3-1B20A745F38F}.Release|x86.ActiveCfg = Release|Any CPU
		{B4C1AA35-1AE8-4EDD-87C3-1B20A745F38F}.Release|x86.Build.0 = Release|Any CPU
		{6FCBC2EF-AFF7-4698-B1D7-3C2EAB1FA9A5}.Debug|Any CPU.ActiveCfg = Debug|Any CPU
		{6FCBC2EF-AFF7-4698-B1D7-3C2EAB1FA9A5}.Debug|Any CPU.Build.0 = Debug|Any CPU
		{6FCBC2EF-AFF7-4698-B1D7-3C2EAB1FA9A5}.Debug|x64.ActiveCfg = Debug|Any CPU
		{6FCBC2EF-AFF7-4698-B1D7-3C2EAB1FA9A5}.Debug|x64.Build.0 = Debug|Any CPU
		{6FCBC2EF-AFF7-4698-B1D7-3C2EAB1FA9A5}.Debug|x86.ActiveCfg = Debug|Any CPU
		{6FCBC2EF-AFF7-4698-B1D7-3C2EAB1FA9A5}.Debug|x86.Build.0 = Debug|Any CPU
		{6FCBC2EF-AFF7-4698-B1D7-3C2EAB1FA9A5}.Release|Any CPU.ActiveCfg = Release|Any CPU
		{6FCBC2EF-AFF7-4698-B1D7-3C2EAB1FA9A5}.Release|Any CPU.Build.0 = Release|Any CPU
		{6FCBC2EF-AFF7-4698-B1D7-3C2EAB1FA9A5}.Release|x64.ActiveCfg = Release|Any CPU
		{6FCBC2EF-AFF7-4698-B1D7-3C2EAB1FA9A5}.Release|x64.Build.0 = Release|Any CPU
		{6FCBC2EF-AFF7-4698-B1D7-3C2EAB1FA9A5}.Release|x86.ActiveCfg = Release|Any CPU
		{6FCBC2EF-AFF7-4698-B1D7-3C2EAB1FA9A5}.Release|x86.Build.0 = Release|Any CPU
		{3BD267C2-499B-42B1-AE30-7EA9CA3A4DE9}.Debug|Any CPU.ActiveCfg = Debug|Any CPU
		{3BD267C2-499B-42B1-AE30-7EA9CA3A4DE9}.Debug|Any CPU.Build.0 = Debug|Any CPU
		{3BD267C2-499B-42B1-AE30-7EA9CA3A4DE9}.Debug|x64.ActiveCfg = Debug|Any CPU
		{3BD267C2-499B-42B1-AE30-7EA9CA3A4DE9}.Debug|x64.Build.0 = Debug|Any CPU
		{3BD267C2-499B-42B1-AE30-7EA9CA3A4DE9}.Debug|x86.ActiveCfg = Debug|Any CPU
		{3BD267C2-499B-42B1-AE30-7EA9CA3A4DE9}.Debug|x86.Build.0 = Debug|Any CPU
		{3BD267C2-499B-42B1-AE30-7EA9CA3A4DE9}.Release|Any CPU.ActiveCfg = Release|Any CPU
		{3BD267C2-499B-42B1-AE30-7EA9CA3A4DE9}.Release|Any CPU.Build.0 = Release|Any CPU
		{3BD267C2-499B-42B1-AE30-7EA9CA3A4DE9}.Release|x64.ActiveCfg = Release|Any CPU
		{3BD267C2-499B-42B1-AE30-7EA9CA3A4DE9}.Release|x64.Build.0 = Release|Any CPU
		{3BD267C2-499B-42B1-AE30-7EA9CA3A4DE9}.Release|x86.ActiveCfg = Release|Any CPU
		{3BD267C2-499B-42B1-AE30-7EA9CA3A4DE9}.Release|x86.Build.0 = Release|Any CPU
		{4EE5EC1E-4884-4308-AD59-CC7797CC2E1D}.Debug|Any CPU.ActiveCfg = Debug|Any CPU
		{4EE5EC1E-4884-4308-AD59-CC7797CC2E1D}.Debug|Any CPU.Build.0 = Debug|Any CPU
		{4EE5EC1E-4884-4308-AD59-CC7797CC2E1D}.Debug|x64.ActiveCfg = Debug|Any CPU
		{4EE5EC1E-4884-4308-AD59-CC7797CC2E1D}.Debug|x64.Build.0 = Debug|Any CPU
		{4EE5EC1E-4884-4308-AD59-CC7797CC2E1D}.Debug|x86.ActiveCfg = Debug|Any CPU
		{4EE5EC1E-4884-4308-AD59-CC7797CC2E1D}.Debug|x86.Build.0 = Debug|Any CPU
		{4EE5EC1E-4884-4308-AD59-CC7797CC2E1D}.Release|Any CPU.ActiveCfg = Release|Any CPU
		{4EE5EC1E-4884-4308-AD59-CC7797CC2E1D}.Release|Any CPU.Build.0 = Release|Any CPU
		{4EE5EC1E-4884-4308-AD59-CC7797CC2E1D}.Release|x64.ActiveCfg = Release|Any CPU
		{4EE5EC1E-4884-4308-AD59-CC7797CC2E1D}.Release|x64.Build.0 = Release|Any CPU
		{4EE5EC1E-4884-4308-AD59-CC7797CC2E1D}.Release|x86.ActiveCfg = Release|Any CPU
		{4EE5EC1E-4884-4308-AD59-CC7797CC2E1D}.Release|x86.Build.0 = Release|Any CPU
		{F4AD1B9F-606E-4F8F-B057-42F652519A19}.Debug|Any CPU.ActiveCfg = Debug|Any CPU
		{F4AD1B9F-606E-4F8F-B057-42F652519A19}.Debug|Any CPU.Build.0 = Debug|Any CPU
		{F4AD1B9F-606E-4F8F-B057-42F652519A19}.Debug|x64.ActiveCfg = Debug|Any CPU
		{F4AD1B9F-606E-4F8F-B057-42F652519A19}.Debug|x64.Build.0 = Debug|Any CPU
		{F4AD1B9F-606E-4F8F-B057-42F652519A19}.Debug|x86.ActiveCfg = Debug|Any CPU
		{F4AD1B9F-606E-4F8F-B057-42F652519A19}.Debug|x86.Build.0 = Debug|Any CPU
		{F4AD1B9F-606E-4F8F-B057-42F652519A19}.Release|Any CPU.ActiveCfg = Release|Any CPU
		{F4AD1B9F-606E-4F8F-B057-42F652519A19}.Release|Any CPU.Build.0 = Release|Any CPU
		{F4AD1B9F-606E-4F8F-B057-42F652519A19}.Release|x64.ActiveCfg = Release|Any CPU
		{F4AD1B9F-606E-4F8F-B057-42F652519A19}.Release|x64.Build.0 = Release|Any CPU
		{F4AD1B9F-606E-4F8F-B057-42F652519A19}.Release|x86.ActiveCfg = Release|Any CPU
		{F4AD1B9F-606E-4F8F-B057-42F652519A19}.Release|x86.Build.0 = Release|Any CPU
		{EA757487-B47F-47C7-AB61-FEE5479E3CA6}.Debug|Any CPU.ActiveCfg = Debug|Any CPU
		{EA757487-B47F-47C7-AB61-FEE5479E3CA6}.Debug|Any CPU.Build.0 = Debug|Any CPU
		{EA757487-B47F-47C7-AB61-FEE5479E3CA6}.Debug|x64.ActiveCfg = Debug|Any CPU
		{EA757487-B47F-47C7-AB61-FEE5479E3CA6}.Debug|x64.Build.0 = Debug|Any CPU
		{EA757487-B47F-47C7-AB61-FEE5479E3CA6}.Debug|x86.ActiveCfg = Debug|Any CPU
		{EA757487-B47F-47C7-AB61-FEE5479E3CA6}.Debug|x86.Build.0 = Debug|Any CPU
		{EA757487-B47F-47C7-AB61-FEE5479E3CA6}.Release|Any CPU.ActiveCfg = Release|Any CPU
		{EA757487-B47F-47C7-AB61-FEE5479E3CA6}.Release|Any CPU.Build.0 = Release|Any CPU
		{EA757487-B47F-47C7-AB61-FEE5479E3CA6}.Release|x64.ActiveCfg = Release|Any CPU
		{EA757487-B47F-47C7-AB61-FEE5479E3CA6}.Release|x64.Build.0 = Release|Any CPU
		{EA757487-B47F-47C7-AB61-FEE5479E3CA6}.Release|x86.ActiveCfg = Release|Any CPU
		{EA757487-B47F-47C7-AB61-FEE5479E3CA6}.Release|x86.Build.0 = Release|Any CPU
		{3865D2A9-F028-4039-9C01-85C4138865E1}.Debug|Any CPU.ActiveCfg = Debug|Any CPU
		{3865D2A9-F028-4039-9C01-85C4138865E1}.Debug|Any CPU.Build.0 = Debug|Any CPU
		{3865D2A9-F028-4039-9C01-85C4138865E1}.Debug|x64.ActiveCfg = Debug|Any CPU
		{3865D2A9-F028-4039-9C01-85C4138865E1}.Debug|x64.Build.0 = Debug|Any CPU
		{3865D2A9-F028-4039-9C01-85C4138865E1}.Debug|x86.ActiveCfg = Debug|Any CPU
		{3865D2A9-F028-4039-9C01-85C4138865E1}.Debug|x86.Build.0 = Debug|Any CPU
		{3865D2A9-F028-4039-9C01-85C4138865E1}.Release|Any CPU.ActiveCfg = Release|Any CPU
		{3865D2A9-F028-4039-9C01-85C4138865E1}.Release|Any CPU.Build.0 = Release|Any CPU
		{3865D2A9-F028-4039-9C01-85C4138865E1}.Release|x64.ActiveCfg = Release|Any CPU
		{3865D2A9-F028-4039-9C01-85C4138865E1}.Release|x64.Build.0 = Release|Any CPU
		{3865D2A9-F028-4039-9C01-85C4138865E1}.Release|x86.ActiveCfg = Release|Any CPU
		{3865D2A9-F028-4039-9C01-85C4138865E1}.Release|x86.Build.0 = Release|Any CPU
		{3C97C5D9-7141-4B06-A858-DFBD0D55E8DE}.Debug|Any CPU.ActiveCfg = Debug|Any CPU
		{3C97C5D9-7141-4B06-A858-DFBD0D55E8DE}.Debug|Any CPU.Build.0 = Debug|Any CPU
		{3C97C5D9-7141-4B06-A858-DFBD0D55E8DE}.Debug|x64.ActiveCfg = Debug|Any CPU
		{3C97C5D9-7141-4B06-A858-DFBD0D55E8DE}.Debug|x64.Build.0 = Debug|Any CPU
		{3C97C5D9-7141-4B06-A858-DFBD0D55E8DE}.Debug|x86.ActiveCfg = Debug|Any CPU
		{3C97C5D9-7141-4B06-A858-DFBD0D55E8DE}.Debug|x86.Build.0 = Debug|Any CPU
		{3C97C5D9-7141-4B06-A858-DFBD0D55E8DE}.Release|Any CPU.ActiveCfg = Release|Any CPU
		{3C97C5D9-7141-4B06-A858-DFBD0D55E8DE}.Release|Any CPU.Build.0 = Release|Any CPU
		{3C97C5D9-7141-4B06-A858-DFBD0D55E8DE}.Release|x64.ActiveCfg = Release|Any CPU
		{3C97C5D9-7141-4B06-A858-DFBD0D55E8DE}.Release|x64.Build.0 = Release|Any CPU
		{3C97C5D9-7141-4B06-A858-DFBD0D55E8DE}.Release|x86.ActiveCfg = Release|Any CPU
		{3C97C5D9-7141-4B06-A858-DFBD0D55E8DE}.Release|x86.Build.0 = Release|Any CPU
		{0000F7C4-2A04-4F00-BC63-929AC848FD1E}.Debug|Any CPU.ActiveCfg = Debug|Any CPU
		{0000F7C4-2A04-4F00-BC63-929AC848FD1E}.Debug|Any CPU.Build.0 = Debug|Any CPU
		{0000F7C4-2A04-4F00-BC63-929AC848FD1E}.Debug|x64.ActiveCfg = Debug|Any CPU
		{0000F7C4-2A04-4F00-BC63-929AC848FD1E}.Debug|x64.Build.0 = Debug|Any CPU
		{0000F7C4-2A04-4F00-BC63-929AC848FD1E}.Debug|x86.ActiveCfg = Debug|Any CPU
		{0000F7C4-2A04-4F00-BC63-929AC848FD1E}.Debug|x86.Build.0 = Debug|Any CPU
		{0000F7C4-2A04-4F00-BC63-929AC848FD1E}.Release|Any CPU.ActiveCfg = Release|Any CPU
		{0000F7C4-2A04-4F00-BC63-929AC848FD1E}.Release|Any CPU.Build.0 = Release|Any CPU
		{0000F7C4-2A04-4F00-BC63-929AC848FD1E}.Release|x64.ActiveCfg = Release|Any CPU
		{0000F7C4-2A04-4F00-BC63-929AC848FD1E}.Release|x64.Build.0 = Release|Any CPU
		{0000F7C4-2A04-4F00-BC63-929AC848FD1E}.Release|x86.ActiveCfg = Release|Any CPU
		{0000F7C4-2A04-4F00-BC63-929AC848FD1E}.Release|x86.Build.0 = Release|Any CPU
		{AA808872-60A7-49D1-9482-CB19D62B4018}.Debug|Any CPU.ActiveCfg = Debug|Any CPU
		{AA808872-60A7-49D1-9482-CB19D62B4018}.Debug|Any CPU.Build.0 = Debug|Any CPU
		{AA808872-60A7-49D1-9482-CB19D62B4018}.Debug|x64.ActiveCfg = Debug|Any CPU
		{AA808872-60A7-49D1-9482-CB19D62B4018}.Debug|x64.Build.0 = Debug|Any CPU
		{AA808872-60A7-49D1-9482-CB19D62B4018}.Debug|x86.ActiveCfg = Debug|Any CPU
		{AA808872-60A7-49D1-9482-CB19D62B4018}.Debug|x86.Build.0 = Debug|Any CPU
		{AA808872-60A7-49D1-9482-CB19D62B4018}.Release|Any CPU.ActiveCfg = Release|Any CPU
		{AA808872-60A7-49D1-9482-CB19D62B4018}.Release|Any CPU.Build.0 = Release|Any CPU
		{AA808872-60A7-49D1-9482-CB19D62B4018}.Release|x64.ActiveCfg = Release|Any CPU
		{AA808872-60A7-49D1-9482-CB19D62B4018}.Release|x64.Build.0 = Release|Any CPU
		{AA808872-60A7-49D1-9482-CB19D62B4018}.Release|x86.ActiveCfg = Release|Any CPU
		{AA808872-60A7-49D1-9482-CB19D62B4018}.Release|x86.Build.0 = Release|Any CPU
	EndGlobalSection
	GlobalSection(SolutionProperties) = preSolution
		HideSolutionNode = FALSE
	EndGlobalSection
	GlobalSection(ExtensibilityGlobals) = postSolution
		SolutionGuid = {9FD05499-F257-4DE2-8165-36B529F43192}
	EndGlobalSection
	GlobalSection(NestedProjects) = preSolution
		{33ABFFFA-044D-46E4-BDA9-DBB2391E05F2} = {67196256-5B58-487D-BB47-887EB5BF083A}
		{C08C4959-9399-400D-99B1-81715DAD3290} = {67196256-5B58-487D-BB47-887EB5BF083A}
		{12410F27-8E1A-4B2E-ACB8-D9BEEC924484} = {67196256-5B58-487D-BB47-887EB5BF083A}
		{0B9DEE27-2982-4D50-8B6C-4C897DB8208C} = {67196256-5B58-487D-BB47-887EB5BF083A}
		{382BAA63-6A95-4DED-A26B-882C23F17000} = {67196256-5B58-487D-BB47-887EB5BF083A}
		{82D1F689-09CD-476E-8B1F-5FE5BC7AD650} = {67196256-5B58-487D-BB47-887EB5BF083A}
		{134B728D-439A-41FC-BB6A-E2FEF8E28870} = {67196256-5B58-487D-BB47-887EB5BF083A}
		{207248AC-1632-45D2-B1DC-CC6C44025970} = {67196256-5B58-487D-BB47-887EB5BF083A}
		{17B75985-36ED-470B-BDA9-1F55142EAEB3} = {67196256-5B58-487D-BB47-887EB5BF083A}
		{6D14AC7A-993A-4DA9-BD74-F383EE24AA36} = {67196256-5B58-487D-BB47-887EB5BF083A}
		{9D82711F-B34A-49BB-ADA7-B59CA828CE0E} = {67196256-5B58-487D-BB47-887EB5BF083A}
		{62325193-82A8-4DF0-A039-0F2472738349} = {67196256-5B58-487D-BB47-887EB5BF083A}
		{35A86BAC-B428-4C38-A9C0-4DB27F1A5DAA} = {67196256-5B58-487D-BB47-887EB5BF083A}
		{6EBA67C2-E436-478F-9B75-C8B58D7B553F} = {67196256-5B58-487D-BB47-887EB5BF083A}
		{C29EA0D0-0A16-4D5B-86A7-2C9246A00667} = {67196256-5B58-487D-BB47-887EB5BF083A}
		{4EE5EC1E-4884-4308-AD59-CC7797CC2E1D} = {2CED8076-9242-4C3B-89F6-46FB9E1BCB08}
		{F4AD1B9F-606E-4F8F-B057-42F652519A19} = {2CED8076-9242-4C3B-89F6-46FB9E1BCB08}
		{EA757487-B47F-47C7-AB61-FEE5479E3CA6} = {2CED8076-9242-4C3B-89F6-46FB9E1BCB08}
		{3C97C5D9-7141-4B06-A858-DFBD0D55E8DE} = {67196256-5B58-487D-BB47-887EB5BF083A}
		{3BD267C2-499B-42B1-AE30-7EA9CA3A4DE9} = {33BA021F-28C2-43F6-A7E4-628849933C12}
		{3865D2A9-F028-4039-9C01-85C4138865E1} = {33BA021F-28C2-43F6-A7E4-628849933C12}
		{ACDB2C4C-CF32-4E17-893E-5AAAF7A6CF31} = {33BA021F-28C2-43F6-A7E4-628849933C12}
		{0000F7C4-2A04-4F00-BC63-929AC848FD1E} = {67196256-5B58-487D-BB47-887EB5BF083A}
		{AA808872-60A7-49D1-9482-CB19D62B4018} = {67196256-5B58-487D-BB47-887EB5BF083A}
	EndGlobalSection
EndGlobal
