
Microsoft Visual Studio Solution File, Format Version 12.00
# Visual Studio 15
VisualStudioVersion = 15.0.28010.2016
MinimumVisualStudioVersion = 10.0.40219.1
Project("{9A19103F-16F7-4668-BE54-9A1E7A4F7556}") = "App", "App\App.csproj", "{ACDB2C4C-CF32-4E17-893E-5AAAF7A6CF31}"
EndProject
Project("{FAE04EC0-301F-11D3-BF4B-00C04F79EFBC}") = "Web", "Web\Web.csproj", "{B4C1AA35-1AE8-4EDD-87C3-1B20A745F38F}"
EndProject
Project("{2150E333-8FDC-42A3-9474-1A3956D46DE8}") = "ServiceStack", "ServiceStack", "{67196256-5B58-487D-BB47-887EB5BF083A}"
EndProject
Project("{FAE04EC0-301F-11D3-BF4B-00C04F79EFBC}") = "Test", "Test\Test.csproj", "{6FCBC2EF-AFF7-4698-B1D7-3C2EAB1FA9A5}"
EndProject
Project("{FAE04EC0-301F-11D3-BF4B-00C04F79EFBC}") = "Mix", "Mix\Mix.csproj", "{3BD267C2-499B-42B1-AE30-7EA9CA3A4DE9}"
EndProject
Project("{2150E333-8FDC-42A3-9474-1A3956D46DE8}") = "ExamplePlugins", "ExamplePlugins", "{2CED8076-9242-4C3B-89F6-46FB9E1BCB08}"
EndProject
Project("{FAE04EC0-301F-11D3-BF4B-00C04F79EFBC}") = "X", "X\X.csproj", "{3865D2A9-F028-4039-9C01-85C4138865E1}"
EndProject
Project("{2150E333-8FDC-42A3-9474-1A3956D46DE8}") = "tools", "tools", "{33BA021F-28C2-43F6-A7E4-628849933C12}"
EndProject
Project("{FAE04EC0-301F-11D3-BF4B-00C04F79EFBC}") = "Multitenancy", "example-plugins\Multitenancy\Multitenancy.csproj", "{AF171C43-A365-4B12-94BF-8DB6150E0530}"
EndProject
Project("{FAE04EC0-301F-11D3-BF4B-00C04F79EFBC}") = "ServiceStack.Interfaces", "..\..\ServiceStack\ServiceStack\src\ServiceStack.Interfaces\ServiceStack.Interfaces.csproj", "{2464CBF8-72C1-441C-B9F5-36B2ADEDCDB5}"
EndProject
Project("{FAE04EC0-301F-11D3-BF4B-00C04F79EFBC}") = "ServiceStack.Text", "..\..\ServiceStack\ServiceStack.Text\src\ServiceStack.Text\ServiceStack.Text.csproj", "{24B80C8A-130C-4756-8F53-1980C3C9DD84}"
EndProject
Project("{FAE04EC0-301F-11D3-BF4B-00C04F79EFBC}") = "ServiceStack.Client", "..\..\ServiceStack\ServiceStack\src\ServiceStack.Client\ServiceStack.Client.csproj", "{92CD173D-430E-4EDA-A2F7-B69C5BDA35D7}"
EndProject
Project("{FAE04EC0-301F-11D3-BF4B-00C04F79EFBC}") = "ServiceStack.Common", "..\..\ServiceStack\ServiceStack\src\ServiceStack.Common\ServiceStack.Common.csproj", "{6D162F9F-851E-4478-BF64-B06B8EBB3280}"
EndProject
Project("{FAE04EC0-301F-11D3-BF4B-00C04F79EFBC}") = "ServiceStack.Desktop", "..\..\ServiceStack\ServiceStack\src\ServiceStack.Desktop\ServiceStack.Desktop.csproj", "{E99F0E34-7C3D-44A2-9F2F-586F17774627}"
EndProject
Project("{FAE04EC0-301F-11D3-BF4B-00C04F79EFBC}") = "ServiceStack", "..\..\ServiceStack\ServiceStack\src\ServiceStack\ServiceStack.csproj", "{D9A0B73A-F61E-43E8-AB57-6026A6AE996F}"
EndProject
Project("{FAE04EC0-301F-11D3-BF4B-00C04F79EFBC}") = "ServiceStack.Server", "..\..\ServiceStack\ServiceStack\src\ServiceStack.Server\ServiceStack.Server.csproj", "{9FA04E6E-AC2C-4057-808D-C803EB0AB0E6}"
EndProject
Project("{FAE04EC0-301F-11D3-BF4B-00C04F79EFBC}") = "ServiceStack.Api.OpenApi", "..\..\ServiceStack\ServiceStack\src\ServiceStack.Api.OpenApi\ServiceStack.Api.OpenApi.csproj", "{47EB5368-2027-4140-81F7-99EDECC48D69}"
EndProject
Project("{FAE04EC0-301F-11D3-BF4B-00C04F79EFBC}") = "ServiceStack.OrmLite", "..\..\ServiceStack\ServiceStack.OrmLite\src\ServiceStack.OrmLite\ServiceStack.OrmLite.csproj", "{46475B34-4E49-44E6-9E4C-3592CB45ABDF}"
EndProject
Project("{FAE04EC0-301F-11D3-BF4B-00C04F79EFBC}") = "ServiceStack.OrmLite.MySql", "..\..\ServiceStack\ServiceStack.OrmLite\src\ServiceStack.OrmLite.MySql\ServiceStack.OrmLite.MySql.csproj", "{834619E3-B403-4015-B1C5-A33F7BC250B1}"
EndProject
Project("{FAE04EC0-301F-11D3-BF4B-00C04F79EFBC}") = "ServiceStack.OrmLite.PostgreSQL", "..\..\ServiceStack\ServiceStack.OrmLite\src\ServiceStack.OrmLite.PostgreSQL\ServiceStack.OrmLite.PostgreSQL.csproj", "{A19A2F59-712F-4954-9F3B-EA4B6633A0CF}"
EndProject
Project("{FAE04EC0-301F-11D3-BF4B-00C04F79EFBC}") = "ServiceStack.Redis", "..\..\ServiceStack\ServiceStack.Redis\src\ServiceStack.Redis\ServiceStack.Redis.csproj", "{E2A3DB34-8284-46E3-ADC1-5872FFEDDBCB}"
EndProject
Project("{FAE04EC0-301F-11D3-BF4B-00C04F79EFBC}") = "ServiceStack.Aws", "..\..\ServiceStack\ServiceStack.Aws\src\ServiceStack.Aws\ServiceStack.Aws.csproj", "{6299CFA9-CEF4-44B4-AB99-522D92CC240C}"
EndProject
Project("{FAE04EC0-301F-11D3-BF4B-00C04F79EFBC}") = "ServiceStack.Azure", "..\..\ServiceStack\ServiceStack.Azure\src\ServiceStack.Azure\ServiceStack.Azure.csproj", "{03FDCA4B-5E33-4985-8BE8-9C7965E0AC28}"
EndProject
Project("{FAE04EC0-301F-11D3-BF4B-00C04F79EFBC}") = "ServiceStack.OrmLite.Sqlite.Data", "..\..\ServiceStack\ServiceStack.OrmLite\src\ServiceStack.OrmLite.Sqlite.Data\ServiceStack.OrmLite.Sqlite.Data.csproj", "{1FA55C29-554A-4930-9506-189CBCE7AF4C}"
EndProject
Project("{FAE04EC0-301F-11D3-BF4B-00C04F79EFBC}") = "ServiceStack.OrmLite.SqlServer.Data", "..\..\ServiceStack\ServiceStack.OrmLite\src\ServiceStack.OrmLite.SqlServer.Data\ServiceStack.OrmLite.SqlServer.Data.csproj", "{E4087D26-98D9-4741-8A9A-3B4AB029526B}"
EndProject
Project("{FAE04EC0-301F-11D3-BF4B-00C04F79EFBC}") = "ServiceStack.CefGlue", "..\ServiceStack.CefGlue\src\ServiceStack.CefGlue\ServiceStack.CefGlue.csproj", "{F21E34EC-5955-4C4B-9CAA-BC4AA1BDDD77}"
EndProject
Global
	GlobalSection(SolutionConfigurationPlatforms) = preSolution
		Debug|Any CPU = Debug|Any CPU
		Debug|x64 = Debug|x64
		Debug|x86 = Debug|x86
		Release|Any CPU = Release|Any CPU
		Release|x64 = Release|x64
		Release|x86 = Release|x86
	EndGlobalSection
	GlobalSection(ProjectConfigurationPlatforms) = postSolution
		{ACDB2C4C-CF32-4E17-893E-5AAAF7A6CF31}.Debug|x64.ActiveCfg = Debug|x64
		{ACDB2C4C-CF32-4E17-893E-5AAAF7A6CF31}.Debug|x64.Build.0 = Debug|x64
		{ACDB2C4C-CF32-4E17-893E-5AAAF7A6CF31}.Release|x64.ActiveCfg = Release|x64
		{ACDB2C4C-CF32-4E17-893E-5AAAF7A6CF31}.Release|x64.Build.0 = Release|x64
		{ACDB2C4C-CF32-4E17-893E-5AAAF7A6CF31}.Debug|Any CPU.ActiveCfg = Release|x64
		{ACDB2C4C-CF32-4E17-893E-5AAAF7A6CF31}.Debug|Any CPU.Build.0 = Release|x64
		{ACDB2C4C-CF32-4E17-893E-5AAAF7A6CF31}.Release|Any CPU.ActiveCfg = Release|x64
		{ACDB2C4C-CF32-4E17-893E-5AAAF7A6CF31}.Release|Any CPU.Build.0 = Release|x64
		{B4C1AA35-1AE8-4EDD-87C3-1B20A745F38F}.Debug|Any CPU.ActiveCfg = Debug|Any CPU
		{B4C1AA35-1AE8-4EDD-87C3-1B20A745F38F}.Debug|x64.ActiveCfg = Debug|Any CPU
		{B4C1AA35-1AE8-4EDD-87C3-1B20A745F38F}.Debug|x64.Build.0 = Debug|Any CPU
		{B4C1AA35-1AE8-4EDD-87C3-1B20A745F38F}.Debug|x86.ActiveCfg = Debug|Any CPU
		{B4C1AA35-1AE8-4EDD-87C3-1B20A745F38F}.Debug|x86.Build.0 = Debug|Any CPU
		{B4C1AA35-1AE8-4EDD-87C3-1B20A745F38F}.Release|Any CPU.ActiveCfg = Release|Any CPU
		{B4C1AA35-1AE8-4EDD-87C3-1B20A745F38F}.Release|x64.ActiveCfg = Release|Any CPU
		{B4C1AA35-1AE8-4EDD-87C3-1B20A745F38F}.Release|x64.Build.0 = Release|Any CPU
		{B4C1AA35-1AE8-4EDD-87C3-1B20A745F38F}.Release|x86.ActiveCfg = Release|Any CPU
		{B4C1AA35-1AE8-4EDD-87C3-1B20A745F38F}.Release|x86.Build.0 = Release|Any CPU
		{6FCBC2EF-AFF7-4698-B1D7-3C2EAB1FA9A5}.Debug|Any CPU.ActiveCfg = Debug|Any CPU
		{6FCBC2EF-AFF7-4698-B1D7-3C2EAB1FA9A5}.Debug|Any CPU.Build.0 = Debug|Any CPU
		{6FCBC2EF-AFF7-4698-B1D7-3C2EAB1FA9A5}.Debug|x64.ActiveCfg = Debug|Any CPU
		{6FCBC2EF-AFF7-4698-B1D7-3C2EAB1FA9A5}.Debug|x64.Build.0 = Debug|Any CPU
		{6FCBC2EF-AFF7-4698-B1D7-3C2EAB1FA9A5}.Debug|x86.ActiveCfg = Debug|Any CPU
		{6FCBC2EF-AFF7-4698-B1D7-3C2EAB1FA9A5}.Debug|x86.Build.0 = Debug|Any CPU
		{6FCBC2EF-AFF7-4698-B1D7-3C2EAB1FA9A5}.Release|Any CPU.ActiveCfg = Release|Any CPU
		{6FCBC2EF-AFF7-4698-B1D7-3C2EAB1FA9A5}.Release|Any CPU.Build.0 = Release|Any CPU
		{6FCBC2EF-AFF7-4698-B1D7-3C2EAB1FA9A5}.Release|x64.ActiveCfg = Release|Any CPU
		{6FCBC2EF-AFF7-4698-B1D7-3C2EAB1FA9A5}.Release|x64.Build.0 = Release|Any CPU
		{6FCBC2EF-AFF7-4698-B1D7-3C2EAB1FA9A5}.Release|x86.ActiveCfg = Release|Any CPU
		{6FCBC2EF-AFF7-4698-B1D7-3C2EAB1FA9A5}.Release|x86.Build.0 = Release|Any CPU
		{3BD267C2-499B-42B1-AE30-7EA9CA3A4DE9}.Debug|Any CPU.ActiveCfg = Debug|Any CPU
		{3BD267C2-499B-42B1-AE30-7EA9CA3A4DE9}.Debug|Any CPU.Build.0 = Debug|Any CPU
		{3BD267C2-499B-42B1-AE30-7EA9CA3A4DE9}.Debug|x64.ActiveCfg = Debug|Any CPU
		{3BD267C2-499B-42B1-AE30-7EA9CA3A4DE9}.Debug|x64.Build.0 = Debug|Any CPU
		{3BD267C2-499B-42B1-AE30-7EA9CA3A4DE9}.Debug|x86.ActiveCfg = Debug|Any CPU
		{3BD267C2-499B-42B1-AE30-7EA9CA3A4DE9}.Debug|x86.Build.0 = Debug|Any CPU
		{3BD267C2-499B-42B1-AE30-7EA9CA3A4DE9}.Release|Any CPU.ActiveCfg = Release|Any CPU
		{3BD267C2-499B-42B1-AE30-7EA9CA3A4DE9}.Release|Any CPU.Build.0 = Release|Any CPU
		{3BD267C2-499B-42B1-AE30-7EA9CA3A4DE9}.Release|x64.ActiveCfg = Release|Any CPU
		{3BD267C2-499B-42B1-AE30-7EA9CA3A4DE9}.Release|x64.Build.0 = Release|Any CPU
		{3BD267C2-499B-42B1-AE30-7EA9CA3A4DE9}.Release|x86.ActiveCfg = Release|Any CPU
		{3BD267C2-499B-42B1-AE30-7EA9CA3A4DE9}.Release|x86.Build.0 = Release|Any CPU
		{3865D2A9-F028-4039-9C01-85C4138865E1}.Debug|Any CPU.ActiveCfg = Debug|Any CPU
		{3865D2A9-F028-4039-9C01-85C4138865E1}.Debug|Any CPU.Build.0 = Debug|Any CPU
		{3865D2A9-F028-4039-9C01-85C4138865E1}.Debug|x64.ActiveCfg = Debug|Any CPU
		{3865D2A9-F028-4039-9C01-85C4138865E1}.Debug|x64.Build.0 = Debug|Any CPU
		{3865D2A9-F028-4039-9C01-85C4138865E1}.Debug|x86.ActiveCfg = Debug|Any CPU
		{3865D2A9-F028-4039-9C01-85C4138865E1}.Debug|x86.Build.0 = Debug|Any CPU
		{3865D2A9-F028-4039-9C01-85C4138865E1}.Release|Any CPU.ActiveCfg = Release|Any CPU
		{3865D2A9-F028-4039-9C01-85C4138865E1}.Release|Any CPU.Build.0 = Release|Any CPU
		{3865D2A9-F028-4039-9C01-85C4138865E1}.Release|x64.ActiveCfg = Release|Any CPU
		{3865D2A9-F028-4039-9C01-85C4138865E1}.Release|x64.Build.0 = Release|Any CPU
		{3865D2A9-F028-4039-9C01-85C4138865E1}.Release|x86.ActiveCfg = Release|Any CPU
		{3865D2A9-F028-4039-9C01-85C4138865E1}.Release|x86.Build.0 = Release|Any CPU
		{AF171C43-A365-4B12-94BF-8DB6150E0530}.Debug|Any CPU.ActiveCfg = Debug|Any CPU
		{AF171C43-A365-4B12-94BF-8DB6150E0530}.Debug|Any CPU.Build.0 = Debug|Any CPU
		{AF171C43-A365-4B12-94BF-8DB6150E0530}.Debug|x64.ActiveCfg = Debug|Any CPU
		{AF171C43-A365-4B12-94BF-8DB6150E0530}.Debug|x64.Build.0 = Debug|Any CPU
		{AF171C43-A365-4B12-94BF-8DB6150E0530}.Debug|x86.ActiveCfg = Debug|Any CPU
		{AF171C43-A365-4B12-94BF-8DB6150E0530}.Debug|x86.Build.0 = Debug|Any CPU
		{AF171C43-A365-4B12-94BF-8DB6150E0530}.Release|Any CPU.ActiveCfg = Release|Any CPU
		{AF171C43-A365-4B12-94BF-8DB6150E0530}.Release|Any CPU.Build.0 = Release|Any CPU
		{AF171C43-A365-4B12-94BF-8DB6150E0530}.Release|x64.ActiveCfg = Release|Any CPU
		{AF171C43-A365-4B12-94BF-8DB6150E0530}.Release|x64.Build.0 = Release|Any CPU
		{AF171C43-A365-4B12-94BF-8DB6150E0530}.Release|x86.ActiveCfg = Release|Any CPU
		{AF171C43-A365-4B12-94BF-8DB6150E0530}.Release|x86.Build.0 = Release|Any CPU
		{2464CBF8-72C1-441C-B9F5-36B2ADEDCDB5}.Debug|Any CPU.ActiveCfg = Debug|Any CPU
		{2464CBF8-72C1-441C-B9F5-36B2ADEDCDB5}.Debug|Any CPU.Build.0 = Debug|Any CPU
		{2464CBF8-72C1-441C-B9F5-36B2ADEDCDB5}.Debug|x64.ActiveCfg = Debug|Any CPU
		{2464CBF8-72C1-441C-B9F5-36B2ADEDCDB5}.Debug|x64.Build.0 = Debug|Any CPU
		{2464CBF8-72C1-441C-B9F5-36B2ADEDCDB5}.Debug|x86.ActiveCfg = Debug|Any CPU
		{2464CBF8-72C1-441C-B9F5-36B2ADEDCDB5}.Debug|x86.Build.0 = Debug|Any CPU
		{2464CBF8-72C1-441C-B9F5-36B2ADEDCDB5}.Release|Any CPU.ActiveCfg = Release|Any CPU
		{2464CBF8-72C1-441C-B9F5-36B2ADEDCDB5}.Release|Any CPU.Build.0 = Release|Any CPU
		{2464CBF8-72C1-441C-B9F5-36B2ADEDCDB5}.Release|x64.ActiveCfg = Release|Any CPU
		{2464CBF8-72C1-441C-B9F5-36B2ADEDCDB5}.Release|x64.Build.0 = Release|Any CPU
		{2464CBF8-72C1-441C-B9F5-36B2ADEDCDB5}.Release|x86.ActiveCfg = Release|Any CPU
		{2464CBF8-72C1-441C-B9F5-36B2ADEDCDB5}.Release|x86.Build.0 = Release|Any CPU
		{24B80C8A-130C-4756-8F53-1980C3C9DD84}.Debug|Any CPU.ActiveCfg = Debug|Any CPU
		{24B80C8A-130C-4756-8F53-1980C3C9DD84}.Debug|Any CPU.Build.0 = Debug|Any CPU
		{24B80C8A-130C-4756-8F53-1980C3C9DD84}.Debug|x64.ActiveCfg = Debug|Any CPU
		{24B80C8A-130C-4756-8F53-1980C3C9DD84}.Debug|x64.Build.0 = Debug|Any CPU
		{24B80C8A-130C-4756-8F53-1980C3C9DD84}.Debug|x86.ActiveCfg = Debug|Any CPU
		{24B80C8A-130C-4756-8F53-1980C3C9DD84}.Debug|x86.Build.0 = Debug|Any CPU
		{24B80C8A-130C-4756-8F53-1980C3C9DD84}.Release|Any CPU.ActiveCfg = Release|Any CPU
		{24B80C8A-130C-4756-8F53-1980C3C9DD84}.Release|Any CPU.Build.0 = Release|Any CPU
		{24B80C8A-130C-4756-8F53-1980C3C9DD84}.Release|x64.ActiveCfg = Release|Any CPU
		{24B80C8A-130C-4756-8F53-1980C3C9DD84}.Release|x64.Build.0 = Release|Any CPU
		{24B80C8A-130C-4756-8F53-1980C3C9DD84}.Release|x86.ActiveCfg = Release|Any CPU
		{24B80C8A-130C-4756-8F53-1980C3C9DD84}.Release|x86.Build.0 = Release|Any CPU
		{92CD173D-430E-4EDA-A2F7-B69C5BDA35D7}.Debug|Any CPU.ActiveCfg = Debug|Any CPU
		{92CD173D-430E-4EDA-A2F7-B69C5BDA35D7}.Debug|Any CPU.Build.0 = Debug|Any CPU
		{92CD173D-430E-4EDA-A2F7-B69C5BDA35D7}.Debug|x64.ActiveCfg = Debug|Any CPU
		{92CD173D-430E-4EDA-A2F7-B69C5BDA35D7}.Debug|x64.Build.0 = Debug|Any CPU
		{92CD173D-430E-4EDA-A2F7-B69C5BDA35D7}.Debug|x86.ActiveCfg = Debug|Any CPU
		{92CD173D-430E-4EDA-A2F7-B69C5BDA35D7}.Debug|x86.Build.0 = Debug|Any CPU
		{92CD173D-430E-4EDA-A2F7-B69C5BDA35D7}.Release|Any CPU.ActiveCfg = Release|Any CPU
		{92CD173D-430E-4EDA-A2F7-B69C5BDA35D7}.Release|Any CPU.Build.0 = Release|Any CPU
		{92CD173D-430E-4EDA-A2F7-B69C5BDA35D7}.Release|x64.ActiveCfg = Release|Any CPU
		{92CD173D-430E-4EDA-A2F7-B69C5BDA35D7}.Release|x64.Build.0 = Release|Any CPU
		{92CD173D-430E-4EDA-A2F7-B69C5BDA35D7}.Release|x86.ActiveCfg = Release|Any CPU
		{92CD173D-430E-4EDA-A2F7-B69C5BDA35D7}.Release|x86.Build.0 = Release|Any CPU
		{6D162F9F-851E-4478-BF64-B06B8EBB3280}.Debug|Any CPU.ActiveCfg = Debug|Any CPU
		{6D162F9F-851E-4478-BF64-B06B8EBB3280}.Debug|Any CPU.Build.0 = Debug|Any CPU
		{6D162F9F-851E-4478-BF64-B06B8EBB3280}.Debug|x64.ActiveCfg = Debug|Any CPU
		{6D162F9F-851E-4478-BF64-B06B8EBB3280}.Debug|x64.Build.0 = Debug|Any CPU
		{6D162F9F-851E-4478-BF64-B06B8EBB3280}.Debug|x86.ActiveCfg = Debug|Any CPU
		{6D162F9F-851E-4478-BF64-B06B8EBB3280}.Debug|x86.Build.0 = Debug|Any CPU
		{6D162F9F-851E-4478-BF64-B06B8EBB3280}.Release|Any CPU.ActiveCfg = Release|Any CPU
		{6D162F9F-851E-4478-BF64-B06B8EBB3280}.Release|Any CPU.Build.0 = Release|Any CPU
		{6D162F9F-851E-4478-BF64-B06B8EBB3280}.Release|x64.ActiveCfg = Release|Any CPU
		{6D162F9F-851E-4478-BF64-B06B8EBB3280}.Release|x64.Build.0 = Release|Any CPU
		{6D162F9F-851E-4478-BF64-B06B8EBB3280}.Release|x86.ActiveCfg = Release|Any CPU
		{6D162F9F-851E-4478-BF64-B06B8EBB3280}.Release|x86.Build.0 = Release|Any CPU
		{E99F0E34-7C3D-44A2-9F2F-586F17774627}.Debug|Any CPU.ActiveCfg = Debug|Any CPU
		{E99F0E34-7C3D-44A2-9F2F-586F17774627}.Debug|Any CPU.Build.0 = Debug|Any CPU
		{E99F0E34-7C3D-44A2-9F2F-586F17774627}.Debug|x64.ActiveCfg = Debug|Any CPU
		{E99F0E34-7C3D-44A2-9F2F-586F17774627}.Debug|x64.Build.0 = Debug|Any CPU
		{E99F0E34-7C3D-44A2-9F2F-586F17774627}.Debug|x86.ActiveCfg = Debug|Any CPU
		{E99F0E34-7C3D-44A2-9F2F-586F17774627}.Debug|x86.Build.0 = Debug|Any CPU
		{E99F0E34-7C3D-44A2-9F2F-586F17774627}.Release|Any CPU.ActiveCfg = Release|Any CPU
		{E99F0E34-7C3D-44A2-9F2F-586F17774627}.Release|Any CPU.Build.0 = Release|Any CPU
		{E99F0E34-7C3D-44A2-9F2F-586F17774627}.Release|x64.ActiveCfg = Release|Any CPU
		{E99F0E34-7C3D-44A2-9F2F-586F17774627}.Release|x64.Build.0 = Release|Any CPU
		{E99F0E34-7C3D-44A2-9F2F-586F17774627}.Release|x86.ActiveCfg = Release|Any CPU
		{E99F0E34-7C3D-44A2-9F2F-586F17774627}.Release|x86.Build.0 = Release|Any CPU
		{D9A0B73A-F61E-43E8-AB57-6026A6AE996F}.Debug|Any CPU.ActiveCfg = Debug|Any CPU
		{D9A0B73A-F61E-43E8-AB57-6026A6AE996F}.Debug|Any CPU.Build.0 = Debug|Any CPU
		{D9A0B73A-F61E-43E8-AB57-6026A6AE996F}.Debug|x64.ActiveCfg = Debug|Any CPU
		{D9A0B73A-F61E-43E8-AB57-6026A6AE996F}.Debug|x64.Build.0 = Debug|Any CPU
		{D9A0B73A-F61E-43E8-AB57-6026A6AE996F}.Debug|x86.ActiveCfg = Debug|Any CPU
		{D9A0B73A-F61E-43E8-AB57-6026A6AE996F}.Debug|x86.Build.0 = Debug|Any CPU
		{D9A0B73A-F61E-43E8-AB57-6026A6AE996F}.Release|Any CPU.ActiveCfg = Release|Any CPU
		{D9A0B73A-F61E-43E8-AB57-6026A6AE996F}.Release|Any CPU.Build.0 = Release|Any CPU
		{D9A0B73A-F61E-43E8-AB57-6026A6AE996F}.Release|x64.ActiveCfg = Release|Any CPU
		{D9A0B73A-F61E-43E8-AB57-6026A6AE996F}.Release|x64.Build.0 = Release|Any CPU
		{D9A0B73A-F61E-43E8-AB57-6026A6AE996F}.Release|x86.ActiveCfg = Release|Any CPU
		{D9A0B73A-F61E-43E8-AB57-6026A6AE996F}.Release|x86.Build.0 = Release|Any CPU
		{9FA04E6E-AC2C-4057-808D-C803EB0AB0E6}.Debug|Any CPU.ActiveCfg = Debug|Any CPU
		{9FA04E6E-AC2C-4057-808D-C803EB0AB0E6}.Debug|Any CPU.Build.0 = Debug|Any CPU
		{9FA04E6E-AC2C-4057-808D-C803EB0AB0E6}.Debug|x64.ActiveCfg = Debug|Any CPU
		{9FA04E6E-AC2C-4057-808D-C803EB0AB0E6}.Debug|x64.Build.0 = Debug|Any CPU
		{9FA04E6E-AC2C-4057-808D-C803EB0AB0E6}.Debug|x86.ActiveCfg = Debug|Any CPU
		{9FA04E6E-AC2C-4057-808D-C803EB0AB0E6}.Debug|x86.Build.0 = Debug|Any CPU
		{9FA04E6E-AC2C-4057-808D-C803EB0AB0E6}.Release|Any CPU.ActiveCfg = Release|Any CPU
		{9FA04E6E-AC2C-4057-808D-C803EB0AB0E6}.Release|Any CPU.Build.0 = Release|Any CPU
		{9FA04E6E-AC2C-4057-808D-C803EB0AB0E6}.Release|x64.ActiveCfg = Release|Any CPU
		{9FA04E6E-AC2C-4057-808D-C803EB0AB0E6}.Release|x64.Build.0 = Release|Any CPU
		{9FA04E6E-AC2C-4057-808D-C803EB0AB0E6}.Release|x86.ActiveCfg = Release|Any CPU
		{9FA04E6E-AC2C-4057-808D-C803EB0AB0E6}.Release|x86.Build.0 = Release|Any CPU
		{47EB5368-2027-4140-81F7-99EDECC48D69}.Debug|Any CPU.ActiveCfg = Debug|Any CPU
		{47EB5368-2027-4140-81F7-99EDECC48D69}.Debug|Any CPU.Build.0 = Debug|Any CPU
		{47EB5368-2027-4140-81F7-99EDECC48D69}.Debug|x64.ActiveCfg = Debug|Any CPU
		{47EB5368-2027-4140-81F7-99EDECC48D69}.Debug|x64.Build.0 = Debug|Any CPU
		{47EB5368-2027-4140-81F7-99EDECC48D69}.Debug|x86.ActiveCfg = Debug|Any CPU
		{47EB5368-2027-4140-81F7-99EDECC48D69}.Debug|x86.Build.0 = Debug|Any CPU
		{47EB5368-2027-4140-81F7-99EDECC48D69}.Release|Any CPU.ActiveCfg = Release|Any CPU
		{47EB5368-2027-4140-81F7-99EDECC48D69}.Release|Any CPU.Build.0 = Release|Any CPU
		{47EB5368-2027-4140-81F7-99EDECC48D69}.Release|x64.ActiveCfg = Release|Any CPU
		{47EB5368-2027-4140-81F7-99EDECC48D69}.Release|x64.Build.0 = Release|Any CPU
		{47EB5368-2027-4140-81F7-99EDECC48D69}.Release|x86.ActiveCfg = Release|Any CPU
		{47EB5368-2027-4140-81F7-99EDECC48D69}.Release|x86.Build.0 = Release|Any CPU
		{46475B34-4E49-44E6-9E4C-3592CB45ABDF}.Debug|Any CPU.ActiveCfg = Debug|Any CPU
		{46475B34-4E49-44E6-9E4C-3592CB45ABDF}.Debug|Any CPU.Build.0 = Debug|Any CPU
		{46475B34-4E49-44E6-9E4C-3592CB45ABDF}.Debug|x64.ActiveCfg = Debug|Any CPU
		{46475B34-4E49-44E6-9E4C-3592CB45ABDF}.Debug|x64.Build.0 = Debug|Any CPU
		{46475B34-4E49-44E6-9E4C-3592CB45ABDF}.Debug|x86.ActiveCfg = Debug|Any CPU
		{46475B34-4E49-44E6-9E4C-3592CB45ABDF}.Debug|x86.Build.0 = Debug|Any CPU
		{46475B34-4E49-44E6-9E4C-3592CB45ABDF}.Release|Any CPU.ActiveCfg = Release|Any CPU
		{46475B34-4E49-44E6-9E4C-3592CB45ABDF}.Release|Any CPU.Build.0 = Release|Any CPU
		{46475B34-4E49-44E6-9E4C-3592CB45ABDF}.Release|x64.ActiveCfg = Release|Any CPU
		{46475B34-4E49-44E6-9E4C-3592CB45ABDF}.Release|x64.Build.0 = Release|Any CPU
		{46475B34-4E49-44E6-9E4C-3592CB45ABDF}.Release|x86.ActiveCfg = Release|Any CPU
		{46475B34-4E49-44E6-9E4C-3592CB45ABDF}.Release|x86.Build.0 = Release|Any CPU
		{834619E3-B403-4015-B1C5-A33F7BC250B1}.Debug|Any CPU.ActiveCfg = Debug|Any CPU
		{834619E3-B403-4015-B1C5-A33F7BC250B1}.Debug|Any CPU.Build.0 = Debug|Any CPU
		{834619E3-B403-4015-B1C5-A33F7BC250B1}.Debug|x64.ActiveCfg = Debug|Any CPU
		{834619E3-B403-4015-B1C5-A33F7BC250B1}.Debug|x64.Build.0 = Debug|Any CPU
		{834619E3-B403-4015-B1C5-A33F7BC250B1}.Debug|x86.ActiveCfg = Debug|Any CPU
		{834619E3-B403-4015-B1C5-A33F7BC250B1}.Debug|x86.Build.0 = Debug|Any CPU
		{834619E3-B403-4015-B1C5-A33F7BC250B1}.Release|Any CPU.ActiveCfg = Release|Any CPU
		{834619E3-B403-4015-B1C5-A33F7BC250B1}.Release|Any CPU.Build.0 = Release|Any CPU
		{834619E3-B403-4015-B1C5-A33F7BC250B1}.Release|x64.ActiveCfg = Release|Any CPU
		{834619E3-B403-4015-B1C5-A33F7BC250B1}.Release|x64.Build.0 = Release|Any CPU
		{834619E3-B403-4015-B1C5-A33F7BC250B1}.Release|x86.ActiveCfg = Release|Any CPU
		{834619E3-B403-4015-B1C5-A33F7BC250B1}.Release|x86.Build.0 = Release|Any CPU
		{A19A2F59-712F-4954-9F3B-EA4B6633A0CF}.Debug|Any CPU.ActiveCfg = Debug|Any CPU
		{A19A2F59-712F-4954-9F3B-EA4B6633A0CF}.Debug|Any CPU.Build.0 = Debug|Any CPU
		{A19A2F59-712F-4954-9F3B-EA4B6633A0CF}.Debug|x64.ActiveCfg = Debug|Any CPU
		{A19A2F59-712F-4954-9F3B-EA4B6633A0CF}.Debug|x64.Build.0 = Debug|Any CPU
		{A19A2F59-712F-4954-9F3B-EA4B6633A0CF}.Debug|x86.ActiveCfg = Debug|Any CPU
		{A19A2F59-712F-4954-9F3B-EA4B6633A0CF}.Debug|x86.Build.0 = Debug|Any CPU
		{A19A2F59-712F-4954-9F3B-EA4B6633A0CF}.Release|Any CPU.ActiveCfg = Release|Any CPU
		{A19A2F59-712F-4954-9F3B-EA4B6633A0CF}.Release|Any CPU.Build.0 = Release|Any CPU
		{A19A2F59-712F-4954-9F3B-EA4B6633A0CF}.Release|x64.ActiveCfg = Release|Any CPU
		{A19A2F59-712F-4954-9F3B-EA4B6633A0CF}.Release|x64.Build.0 = Release|Any CPU
		{A19A2F59-712F-4954-9F3B-EA4B6633A0CF}.Release|x86.ActiveCfg = Release|Any CPU
		{A19A2F59-712F-4954-9F3B-EA4B6633A0CF}.Release|x86.Build.0 = Release|Any CPU
		{E2A3DB34-8284-46E3-ADC1-5872FFEDDBCB}.Debug|Any CPU.ActiveCfg = Debug|Any CPU
		{E2A3DB34-8284-46E3-ADC1-5872FFEDDBCB}.Debug|Any CPU.Build.0 = Debug|Any CPU
		{E2A3DB34-8284-46E3-ADC1-5872FFEDDBCB}.Debug|x64.ActiveCfg = Debug|Any CPU
		{E2A3DB34-8284-46E3-ADC1-5872FFEDDBCB}.Debug|x64.Build.0 = Debug|Any CPU
		{E2A3DB34-8284-46E3-ADC1-5872FFEDDBCB}.Debug|x86.ActiveCfg = Debug|Any CPU
		{E2A3DB34-8284-46E3-ADC1-5872FFEDDBCB}.Debug|x86.Build.0 = Debug|Any CPU
		{E2A3DB34-8284-46E3-ADC1-5872FFEDDBCB}.Release|Any CPU.ActiveCfg = Release|Any CPU
		{E2A3DB34-8284-46E3-ADC1-5872FFEDDBCB}.Release|Any CPU.Build.0 = Release|Any CPU
		{E2A3DB34-8284-46E3-ADC1-5872FFEDDBCB}.Release|x64.ActiveCfg = Release|Any CPU
		{E2A3DB34-8284-46E3-ADC1-5872FFEDDBCB}.Release|x64.Build.0 = Release|Any CPU
		{E2A3DB34-8284-46E3-ADC1-5872FFEDDBCB}.Release|x86.ActiveCfg = Release|Any CPU
		{E2A3DB34-8284-46E3-ADC1-5872FFEDDBCB}.Release|x86.Build.0 = Release|Any CPU
		{6299CFA9-CEF4-44B4-AB99-522D92CC240C}.Debug|Any CPU.ActiveCfg = Debug|Any CPU
		{6299CFA9-CEF4-44B4-AB99-522D92CC240C}.Debug|Any CPU.Build.0 = Debug|Any CPU
		{6299CFA9-CEF4-44B4-AB99-522D92CC240C}.Debug|x64.ActiveCfg = Debug|Any CPU
		{6299CFA9-CEF4-44B4-AB99-522D92CC240C}.Debug|x64.Build.0 = Debug|Any CPU
		{6299CFA9-CEF4-44B4-AB99-522D92CC240C}.Debug|x86.ActiveCfg = Debug|Any CPU
		{6299CFA9-CEF4-44B4-AB99-522D92CC240C}.Debug|x86.Build.0 = Debug|Any CPU
		{6299CFA9-CEF4-44B4-AB99-522D92CC240C}.Release|Any CPU.ActiveCfg = Release|Any CPU
		{6299CFA9-CEF4-44B4-AB99-522D92CC240C}.Release|Any CPU.Build.0 = Release|Any CPU
		{6299CFA9-CEF4-44B4-AB99-522D92CC240C}.Release|x64.ActiveCfg = Release|Any CPU
		{6299CFA9-CEF4-44B4-AB99-522D92CC240C}.Release|x64.Build.0 = Release|Any CPU
		{6299CFA9-CEF4-44B4-AB99-522D92CC240C}.Release|x86.ActiveCfg = Release|Any CPU
		{6299CFA9-CEF4-44B4-AB99-522D92CC240C}.Release|x86.Build.0 = Release|Any CPU
		{03FDCA4B-5E33-4985-8BE8-9C7965E0AC28}.Debug|Any CPU.ActiveCfg = Debug|Any CPU
		{03FDCA4B-5E33-4985-8BE8-9C7965E0AC28}.Debug|Any CPU.Build.0 = Debug|Any CPU
		{03FDCA4B-5E33-4985-8BE8-9C7965E0AC28}.Debug|x64.ActiveCfg = Debug|Any CPU
		{03FDCA4B-5E33-4985-8BE8-9C7965E0AC28}.Debug|x64.Build.0 = Debug|Any CPU
		{03FDCA4B-5E33-4985-8BE8-9C7965E0AC28}.Debug|x86.ActiveCfg = Debug|Any CPU
		{03FDCA4B-5E33-4985-8BE8-9C7965E0AC28}.Debug|x86.Build.0 = Debug|Any CPU
		{03FDCA4B-5E33-4985-8BE8-9C7965E0AC28}.Release|Any CPU.ActiveCfg = Release|Any CPU
		{03FDCA4B-5E33-4985-8BE8-9C7965E0AC28}.Release|Any CPU.Build.0 = Release|Any CPU
		{03FDCA4B-5E33-4985-8BE8-9C7965E0AC28}.Release|x64.ActiveCfg = Release|Any CPU
		{03FDCA4B-5E33-4985-8BE8-9C7965E0AC28}.Release|x64.Build.0 = Release|Any CPU
		{03FDCA4B-5E33-4985-8BE8-9C7965E0AC28}.Release|x86.ActiveCfg = Release|Any CPU
		{03FDCA4B-5E33-4985-8BE8-9C7965E0AC28}.Release|x86.Build.0 = Release|Any CPU
		{1FA55C29-554A-4930-9506-189CBCE7AF4C}.Debug|Any CPU.ActiveCfg = Debug|Any CPU
		{1FA55C29-554A-4930-9506-189CBCE7AF4C}.Debug|Any CPU.Build.0 = Debug|Any CPU
		{1FA55C29-554A-4930-9506-189CBCE7AF4C}.Debug|x64.ActiveCfg = Debug|Any CPU
		{1FA55C29-554A-4930-9506-189CBCE7AF4C}.Debug|x64.Build.0 = Debug|Any CPU
		{1FA55C29-554A-4930-9506-189CBCE7AF4C}.Debug|x86.ActiveCfg = Debug|Any CPU
		{1FA55C29-554A-4930-9506-189CBCE7AF4C}.Debug|x86.Build.0 = Debug|Any CPU
		{1FA55C29-554A-4930-9506-189CBCE7AF4C}.Release|Any CPU.ActiveCfg = Release|Any CPU
		{1FA55C29-554A-4930-9506-189CBCE7AF4C}.Release|Any CPU.Build.0 = Release|Any CPU
		{1FA55C29-554A-4930-9506-189CBCE7AF4C}.Release|x64.ActiveCfg = Release|Any CPU
		{1FA55C29-554A-4930-9506-189CBCE7AF4C}.Release|x64.Build.0 = Release|Any CPU
		{1FA55C29-554A-4930-9506-189CBCE7AF4C}.Release|x86.ActiveCfg = Release|Any CPU
		{1FA55C29-554A-4930-9506-189CBCE7AF4C}.Release|x86.Build.0 = Release|Any CPU
		{E4087D26-98D9-4741-8A9A-3B4AB029526B}.Debug|Any CPU.ActiveCfg = Debug|Any CPU
		{E4087D26-98D9-4741-8A9A-3B4AB029526B}.Debug|Any CPU.Build.0 = Debug|Any CPU
		{E4087D26-98D9-4741-8A9A-3B4AB029526B}.Debug|x64.ActiveCfg = Debug|Any CPU
		{E4087D26-98D9-4741-8A9A-3B4AB029526B}.Debug|x64.Build.0 = Debug|Any CPU
		{E4087D26-98D9-4741-8A9A-3B4AB029526B}.Debug|x86.ActiveCfg = Debug|Any CPU
		{E4087D26-98D9-4741-8A9A-3B4AB029526B}.Debug|x86.Build.0 = Debug|Any CPU
		{E4087D26-98D9-4741-8A9A-3B4AB029526B}.Release|Any CPU.ActiveCfg = Release|Any CPU
		{E4087D26-98D9-4741-8A9A-3B4AB029526B}.Release|Any CPU.Build.0 = Release|Any CPU
		{E4087D26-98D9-4741-8A9A-3B4AB029526B}.Release|x64.ActiveCfg = Release|Any CPU
		{E4087D26-98D9-4741-8A9A-3B4AB029526B}.Release|x64.Build.0 = Release|Any CPU
		{E4087D26-98D9-4741-8A9A-3B4AB029526B}.Release|x86.ActiveCfg = Release|Any CPU
		{E4087D26-98D9-4741-8A9A-3B4AB029526B}.Release|x86.Build.0 = Release|Any CPU
		{F21E34EC-5955-4C4B-9CAA-BC4AA1BDDD77}.Debug|Any CPU.ActiveCfg = Debug|Any CPU
		{F21E34EC-5955-4C4B-9CAA-BC4AA1BDDD77}.Debug|Any CPU.Build.0 = Debug|Any CPU
		{F21E34EC-5955-4C4B-9CAA-BC4AA1BDDD77}.Debug|x64.ActiveCfg = Debug|Any CPU
		{F21E34EC-5955-4C4B-9CAA-BC4AA1BDDD77}.Debug|x64.Build.0 = Debug|Any CPU
		{F21E34EC-5955-4C4B-9CAA-BC4AA1BDDD77}.Debug|x86.ActiveCfg = Debug|Any CPU
		{F21E34EC-5955-4C4B-9CAA-BC4AA1BDDD77}.Debug|x86.Build.0 = Debug|Any CPU
		{F21E34EC-5955-4C4B-9CAA-BC4AA1BDDD77}.Release|Any CPU.ActiveCfg = Release|Any CPU
		{F21E34EC-5955-4C4B-9CAA-BC4AA1BDDD77}.Release|Any CPU.Build.0 = Release|Any CPU
		{F21E34EC-5955-4C4B-9CAA-BC4AA1BDDD77}.Release|x64.ActiveCfg = Release|Any CPU
		{F21E34EC-5955-4C4B-9CAA-BC4AA1BDDD77}.Release|x64.Build.0 = Release|Any CPU
		{F21E34EC-5955-4C4B-9CAA-BC4AA1BDDD77}.Release|x86.ActiveCfg = Release|Any CPU
		{F21E34EC-5955-4C4B-9CAA-BC4AA1BDDD77}.Release|x86.Build.0 = Release|Any CPU
	EndGlobalSection
	GlobalSection(SolutionProperties) = preSolution
		HideSolutionNode = FALSE
	EndGlobalSection
	GlobalSection(ExtensibilityGlobals) = postSolution
		SolutionGuid = {9FD05499-F257-4DE2-8165-36B529F43192}
	EndGlobalSection
	GlobalSection(NestedProjects) = preSolution
		{3BD267C2-499B-42B1-AE30-7EA9CA3A4DE9} = {33BA021F-28C2-43F6-A7E4-628849933C12}
		{3865D2A9-F028-4039-9C01-85C4138865E1} = {33BA021F-28C2-43F6-A7E4-628849933C12}
		{ACDB2C4C-CF32-4E17-893E-5AAAF7A6CF31} = {33BA021F-28C2-43F6-A7E4-628849933C12}
		{AF171C43-A365-4B12-94BF-8DB6150E0530} = {2CED8076-9242-4C3B-89F6-46FB9E1BCB08}
		{2464CBF8-72C1-441C-B9F5-36B2ADEDCDB5} = {67196256-5B58-487D-BB47-887EB5BF083A}
		{24B80C8A-130C-4756-8F53-1980C3C9DD84} = {67196256-5B58-487D-BB47-887EB5BF083A}
		{92CD173D-430E-4EDA-A2F7-B69C5BDA35D7} = {67196256-5B58-487D-BB47-887EB5BF083A}
		{6D162F9F-851E-4478-BF64-B06B8EBB3280} = {67196256-5B58-487D-BB47-887EB5BF083A}
		{E99F0E34-7C3D-44A2-9F2F-586F17774627} = {67196256-5B58-487D-BB47-887EB5BF083A}
		{D9A0B73A-F61E-43E8-AB57-6026A6AE996F} = {67196256-5B58-487D-BB47-887EB5BF083A}
		{9FA04E6E-AC2C-4057-808D-C803EB0AB0E6} = {67196256-5B58-487D-BB47-887EB5BF083A}
		{47EB5368-2027-4140-81F7-99EDECC48D69} = {67196256-5B58-487D-BB47-887EB5BF083A}
		{46475B34-4E49-44E6-9E4C-3592CB45ABDF} = {67196256-5B58-487D-BB47-887EB5BF083A}
		{834619E3-B403-4015-B1C5-A33F7BC250B1} = {67196256-5B58-487D-BB47-887EB5BF083A}
		{A19A2F59-712F-4954-9F3B-EA4B6633A0CF} = {67196256-5B58-487D-BB47-887EB5BF083A}
		{E2A3DB34-8284-46E3-ADC1-5872FFEDDBCB} = {67196256-5B58-487D-BB47-887EB5BF083A}
		{6299CFA9-CEF4-44B4-AB99-522D92CC240C} = {67196256-5B58-487D-BB47-887EB5BF083A}
		{03FDCA4B-5E33-4985-8BE8-9C7965E0AC28} = {67196256-5B58-487D-BB47-887EB5BF083A}
		{1FA55C29-554A-4930-9506-189CBCE7AF4C} = {67196256-5B58-487D-BB47-887EB5BF083A}
		{E4087D26-98D9-4741-8A9A-3B4AB029526B} = {67196256-5B58-487D-BB47-887EB5BF083A}
		{F21E34EC-5955-4C4B-9CAA-BC4AA1BDDD77} = {67196256-5B58-487D-BB47-887EB5BF083A}
	EndGlobalSection
EndGlobal
