
Microsoft Visual Studio Solution File, Format Version 12.00
# Visual Studio 15
VisualStudioVersion = 15.0.28010.2016
MinimumVisualStudioVersion = 10.0.40219.1
Project("{9A19103F-16F7-4668-BE54-9A1E7A4F7556}") = "App", "App\App.csproj", "{ACDB2C4C-CF32-4E17-893E-5AAAF7A6CF31}"
EndProject
Project("{FAE04EC0-301F-11D3-BF4B-00C04F79EFBC}") = "Web", "Web\Web.csproj", "{B4C1AA35-1AE8-4EDD-87C3-1B20A745F38F}"
EndProject
Project("{2150E333-8FDC-42A3-9474-1A3956D46DE8}") = "ServiceStack", "ServiceStack", "{67196256-5B58-487D-BB47-887EB5BF083A}"
EndProject
Project("{FAE04EC0-301F-11D3-BF4B-00C04F79EFBC}") = "Test", "Test\Test.csproj", "{6FCBC2EF-AFF7-4698-B1D7-3C2EAB1FA9A5}"
EndProject
Project("{FAE04EC0-301F-11D3-BF4B-00C04F79EFBC}") = "Mix", "Mix\Mix.csproj", "{3BD267C2-499B-42B1-AE30-7EA9CA3A4DE9}"
EndProject
Project("{2150E333-8FDC-42A3-9474-1A3956D46DE8}") = "ExamplePlugins", "ExamplePlugins", "{2CED8076-9242-4C3B-89F6-46FB9E1BCB08}"
EndProject
Project("{FAE04EC0-301F-11D3-BF4B-00C04F79EFBC}") = "X", "X\X.csproj", "{3865D2A9-F028-4039-9C01-85C4138865E1}"
EndProject
Project("{2150E333-8FDC-42A3-9474-1A3956D46DE8}") = "tools", "tools", "{33BA021F-28C2-43F6-A7E4-628849933C12}"
EndProject
Project("{FAE04EC0-301F-11D3-BF4B-00C04F79EFBC}") = "Multitenancy", "example-plugins\Multitenancy\Multitenancy.csproj", "{AF171C43-A365-4B12-94BF-8DB6150E0530}"
EndProject
Project("{FAE04EC0-301F-11D3-BF4B-00C04F79EFBC}") = "ServiceStack.Interfaces", "..\..\ServiceStack\ServiceStack\src\ServiceStack.Interfaces\ServiceStack.Interfaces.csproj", "{2464CBF8-72C1-441C-B9F5-36B2ADEDCDB5}"
EndProject
Project("{FAE04EC0-301F-11D3-BF4B-00C04F79EFBC}") = "ServiceStack.Client", "..\..\ServiceStack\ServiceStack\src\ServiceStack.Client\ServiceStack.Client.csproj", "{92CD173D-430E-4EDA-A2F7-B69C5BDA35D7}"
EndProject
Project("{FAE04EC0-301F-11D3-BF4B-00C04F79EFBC}") = "ServiceStack.Common", "..\..\ServiceStack\ServiceStack\src\ServiceStack.Common\ServiceStack.Common.csproj", "{6D162F9F-851E-4478-BF64-B06B8EBB3280}"
EndProject
Project("{FAE04EC0-301F-11D3-BF4B-00C04F79EFBC}") = "ServiceStack.Desktop", "..\..\ServiceStack\ServiceStack\src\ServiceStack.Desktop\ServiceStack.Desktop.csproj", "{E99F0E34-7C3D-44A2-9F2F-586F17774627}"
EndProject
Project("{FAE04EC0-301F-11D3-BF4B-00C04F79EFBC}") = "ServiceStack", "..\..\ServiceStack\ServiceStack\src\ServiceStack\ServiceStack.csproj", "{D9A0B73A-F61E-43E8-AB57-6026A6AE996F}"
EndProject
Project("{FAE04EC0-301F-11D3-BF4B-00C04F79EFBC}") = "ServiceStack.Server", "..\..\ServiceStack\ServiceStack\src\ServiceStack.Server\ServiceStack.Server.csproj", "{9FA04E6E-AC2C-4057-808D-C803EB0AB0E6}"
EndProject
Project("{FAE04EC0-301F-11D3-BF4B-00C04F79EFBC}") = "ServiceStack.Api.OpenApi", "..\..\ServiceStack\ServiceStack\src\ServiceStack.Api.OpenApi\ServiceStack.Api.OpenApi.csproj", "{47EB5368-2027-4140-81F7-99EDECC48D69}"
EndProject
Project("{FAE04EC0-301F-11D3-BF4B-00C04F79EFBC}") = "ServiceStack.CefGlue", "..\ServiceStack.CefGlue\src\ServiceStack.CefGlue\ServiceStack.CefGlue.csproj", "{F21E34EC-5955-4C4B-9CAA-BC4AA1BDDD77}"
EndProject
Project("{FAE04EC0-301F-11D3-BF4B-00C04F79EFBC}") = "ServiceStack.Redis", "..\..\ServiceStack\ServiceStack.Redis\src\ServiceStack.Redis\ServiceStack.Redis.csproj", "{F9BDC929-FD71-4D2D-A062-C1F1BA5B1F15}"
EndProject
Project("{FAE04EC0-301F-11D3-BF4B-00C04F79EFBC}") = "ServiceStack.Text", "..\..\ServiceStack\ServiceStack.Text\src\ServiceStack.Text\ServiceStack.Text.csproj", "{46D17CAE-D770-4603-AF55-5AB14ABC6B84}"
EndProject
Project("{FAE04EC0-301F-11D3-BF4B-00C04F79EFBC}") = "ServiceStack.OrmLite", "..\..\ServiceStack\ServiceStack.OrmLite\src\ServiceStack.OrmLite\ServiceStack.OrmLite.csproj", "{4501BFA9-004F-40D5-A6F9-7CCBC708052A}"
EndProject
Project("{FAE04EC0-301F-11D3-BF4B-00C04F79EFBC}") = "ServiceStack.OrmLite.Sqlite.Data", "..\..\ServiceStack\ServiceStack.OrmLite\src\ServiceStack.OrmLite.Sqlite.Data\ServiceStack.OrmLite.Sqlite.Data.csproj", "{0F26B2C3-304C-4699-89F7-3A6305E92932}"
EndProject
Project("{FAE04EC0-301F-11D3-BF4B-00C04F79EFBC}") = "ServiceStack.OrmLite.SqlServer.Data", "..\..\ServiceStack\ServiceStack.OrmLite\src\ServiceStack.OrmLite.SqlServer.Data\ServiceStack.OrmLite.SqlServer.Data.csproj", "{D6B41AD8-9430-481E-BCF3-DCD8A9398E4C}"
EndProject
Project("{FAE04EC0-301F-11D3-BF4B-00C04F79EFBC}") = "ServiceStack.OrmLite.MySql", "..\..\ServiceStack\ServiceStack.OrmLite\src\ServiceStack.OrmLite.MySql\ServiceStack.OrmLite.MySql.csproj", "{F797B85C-9B26-4FDD-BCC6-890BD2872C96}"
EndProject
Project("{FAE04EC0-301F-11D3-BF4B-00C04F79EFBC}") = "ServiceStack.OrmLite.PostgreSQL", "..\..\ServiceStack\ServiceStack.OrmLite\src\ServiceStack.OrmLite.PostgreSQL\ServiceStack.OrmLite.PostgreSQL.csproj", "{D4ED8D44-E04C-4D07-A86C-15073B7BFB47}"
EndProject
Project("{FAE04EC0-301F-11D3-BF4B-00C04F79EFBC}") = "ServiceStack.Aws", "..\..\ServiceStack\ServiceStack.Aws\src\ServiceStack.Aws\ServiceStack.Aws.csproj", "{3E400314-1930-41C5-AE50-CE670C3C0E0A}"
EndProject
Project("{FAE04EC0-301F-11D3-BF4B-00C04F79EFBC}") = "ServiceStack.Azure", "..\..\ServiceStack\ServiceStack.Azure\src\ServiceStack.Azure\ServiceStack.Azure.csproj", "{93AAAB83-13AC-4FA4-BFA3-567B35884254}"
EndProject
Global
	GlobalSection(SolutionConfigurationPlatforms) = preSolution
		Debug|Any CPU = Debug|Any CPU
		Debug|x64 = Debug|x64
		Debug|x86 = Debug|x86
		Release|Any CPU = Release|Any CPU
		Release|x64 = Release|x64
		Release|x86 = Release|x86
	EndGlobalSection
	GlobalSection(ProjectConfigurationPlatforms) = postSolution
		{ACDB2C4C-CF32-4E17-893E-5AAAF7A6CF31}.Debug|x64.ActiveCfg = Debug|x64
		{ACDB2C4C-CF32-4E17-893E-5AAAF7A6CF31}.Debug|x64.Build.0 = Debug|x64
		{ACDB2C4C-CF32-4E17-893E-5AAAF7A6CF31}.Release|x64.ActiveCfg = Release|x64
		{ACDB2C4C-CF32-4E17-893E-5AAAF7A6CF31}.Release|x64.Build.0 = Release|x64
		{ACDB2C4C-CF32-4E17-893E-5AAAF7A6CF31}.Debug|Any CPU.ActiveCfg = Release|x64
		{ACDB2C4C-CF32-4E17-893E-5AAAF7A6CF31}.Debug|Any CPU.Build.0 = Release|x64
		{ACDB2C4C-CF32-4E17-893E-5AAAF7A6CF31}.Release|Any CPU.ActiveCfg = Release|x64
		{ACDB2C4C-CF32-4E17-893E-5AAAF7A6CF31}.Release|Any CPU.Build.0 = Release|x64
		{B4C1AA35-1AE8-4EDD-87C3-1B20A745F38F}.Debug|Any CPU.ActiveCfg = Debug|Any CPU
		{B4C1AA35-1AE8-4EDD-87C3-1B20A745F38F}.Debug|x64.ActiveCfg = Debug|Any CPU
		{B4C1AA35-1AE8-4EDD-87C3-1B20A745F38F}.Debug|x64.Build.0 = Debug|Any CPU
		{B4C1AA35-1AE8-4EDD-87C3-1B20A745F38F}.Debug|x86.ActiveCfg = Debug|Any CPU
		{B4C1AA35-1AE8-4EDD-87C3-1B20A745F38F}.Debug|x86.Build.0 = Debug|Any CPU
		{B4C1AA35-1AE8-4EDD-87C3-1B20A745F38F}.Release|Any CPU.ActiveCfg = Release|Any CPU
		{B4C1AA35-1AE8-4EDD-87C3-1B20A745F38F}.Release|x64.ActiveCfg = Release|Any CPU
		{B4C1AA35-1AE8-4EDD-87C3-1B20A745F38F}.Release|x64.Build.0 = Release|Any CPU
		{B4C1AA35-1AE8-4EDD-87C3-1B20A745F38F}.Release|x86.ActiveCfg = Release|Any CPU
		{B4C1AA35-1AE8-4EDD-87C3-1B20A745F38F}.Release|x86.Build.0 = Release|Any CPU
		{6FCBC2EF-AFF7-4698-B1D7-3C2EAB1FA9A5}.Debug|Any CPU.ActiveCfg = Debug|Any CPU
		{6FCBC2EF-AFF7-4698-B1D7-3C2EAB1FA9A5}.Debug|Any CPU.Build.0 = Debug|Any CPU
		{6FCBC2EF-AFF7-4698-B1D7-3C2EAB1FA9A5}.Debug|x64.ActiveCfg = Debug|Any CPU
		{6FCBC2EF-AFF7-4698-B1D7-3C2EAB1FA9A5}.Debug|x64.Build.0 = Debug|Any CPU
		{6FCBC2EF-AFF7-4698-B1D7-3C2EAB1FA9A5}.Debug|x86.ActiveCfg = Debug|Any CPU
		{6FCBC2EF-AFF7-4698-B1D7-3C2EAB1FA9A5}.Debug|x86.Build.0 = Debug|Any CPU
		{6FCBC2EF-AFF7-4698-B1D7-3C2EAB1FA9A5}.Release|Any CPU.ActiveCfg = Release|Any CPU
		{6FCBC2EF-AFF7-4698-B1D7-3C2EAB1FA9A5}.Release|Any CPU.Build.0 = Release|Any CPU
		{6FCBC2EF-AFF7-4698-B1D7-3C2EAB1FA9A5}.Release|x64.ActiveCfg = Release|Any CPU
		{6FCBC2EF-AFF7-4698-B1D7-3C2EAB1FA9A5}.Release|x64.Build.0 = Release|Any CPU
		{6FCBC2EF-AFF7-4698-B1D7-3C2EAB1FA9A5}.Release|x86.ActiveCfg = Release|Any CPU
		{6FCBC2EF-AFF7-4698-B1D7-3C2EAB1FA9A5}.Release|x86.Build.0 = Release|Any CPU
		{3BD267C2-499B-42B1-AE30-7EA9CA3A4DE9}.Debug|Any CPU.ActiveCfg = Debug|Any CPU
		{3BD267C2-499B-42B1-AE30-7EA9CA3A4DE9}.Debug|Any CPU.Build.0 = Debug|Any CPU
		{3BD267C2-499B-42B1-AE30-7EA9CA3A4DE9}.Debug|x64.ActiveCfg = Debug|Any CPU
		{3BD267C2-499B-42B1-AE30-7EA9CA3A4DE9}.Debug|x64.Build.0 = Debug|Any CPU
		{3BD267C2-499B-42B1-AE30-7EA9CA3A4DE9}.Debug|x86.ActiveCfg = Debug|Any CPU
		{3BD267C2-499B-42B1-AE30-7EA9CA3A4DE9}.Debug|x86.Build.0 = Debug|Any CPU
		{3BD267C2-499B-42B1-AE30-7EA9CA3A4DE9}.Release|Any CPU.ActiveCfg = Release|Any CPU
		{3BD267C2-499B-42B1-AE30-7EA9CA3A4DE9}.Release|Any CPU.Build.0 = Release|Any CPU
		{3BD267C2-499B-42B1-AE30-7EA9CA3A4DE9}.Release|x64.ActiveCfg = Release|Any CPU
		{3BD267C2-499B-42B1-AE30-7EA9CA3A4DE9}.Release|x64.Build.0 = Release|Any CPU
		{3BD267C2-499B-42B1-AE30-7EA9CA3A4DE9}.Release|x86.ActiveCfg = Release|Any CPU
		{3BD267C2-499B-42B1-AE30-7EA9CA3A4DE9}.Release|x86.Build.0 = Release|Any CPU
		{3865D2A9-F028-4039-9C01-85C4138865E1}.Debug|Any CPU.ActiveCfg = Debug|Any CPU
		{3865D2A9-F028-4039-9C01-85C4138865E1}.Debug|Any CPU.Build.0 = Debug|Any CPU
		{3865D2A9-F028-4039-9C01-85C4138865E1}.Debug|x64.ActiveCfg = Debug|Any CPU
		{3865D2A9-F028-4039-9C01-85C4138865E1}.Debug|x64.Build.0 = Debug|Any CPU
		{3865D2A9-F028-4039-9C01-85C4138865E1}.Debug|x86.ActiveCfg = Debug|Any CPU
		{3865D2A9-F028-4039-9C01-85C4138865E1}.Debug|x86.Build.0 = Debug|Any CPU
		{3865D2A9-F028-4039-9C01-85C4138865E1}.Release|Any CPU.ActiveCfg = Release|Any CPU
		{3865D2A9-F028-4039-9C01-85C4138865E1}.Release|Any CPU.Build.0 = Release|Any CPU
		{3865D2A9-F028-4039-9C01-85C4138865E1}.Release|x64.ActiveCfg = Release|Any CPU
		{3865D2A9-F028-4039-9C01-85C4138865E1}.Release|x64.Build.0 = Release|Any CPU
		{3865D2A9-F028-4039-9C01-85C4138865E1}.Release|x86.ActiveCfg = Release|Any CPU
		{3865D2A9-F028-4039-9C01-85C4138865E1}.Release|x86.Build.0 = Release|Any CPU
		{AF171C43-A365-4B12-94BF-8DB6150E0530}.Debug|Any CPU.ActiveCfg = Debug|Any CPU
		{AF171C43-A365-4B12-94BF-8DB6150E0530}.Debug|Any CPU.Build.0 = Debug|Any CPU
		{AF171C43-A365-4B12-94BF-8DB6150E0530}.Debug|x64.ActiveCfg = Debug|Any CPU
		{AF171C43-A365-4B12-94BF-8DB6150E0530}.Debug|x64.Build.0 = Debug|Any CPU
		{AF171C43-A365-4B12-94BF-8DB6150E0530}.Debug|x86.ActiveCfg = Debug|Any CPU
		{AF171C43-A365-4B12-94BF-8DB6150E0530}.Debug|x86.Build.0 = Debug|Any CPU
		{AF171C43-A365-4B12-94BF-8DB6150E0530}.Release|Any CPU.ActiveCfg = Release|Any CPU
		{AF171C43-A365-4B12-94BF-8DB6150E0530}.Release|Any CPU.Build.0 = Release|Any CPU
		{AF171C43-A365-4B12-94BF-8DB6150E0530}.Release|x64.ActiveCfg = Release|Any CPU
		{AF171C43-A365-4B12-94BF-8DB6150E0530}.Release|x64.Build.0 = Release|Any CPU
		{AF171C43-A365-4B12-94BF-8DB6150E0530}.Release|x86.ActiveCfg = Release|Any CPU
		{AF171C43-A365-4B12-94BF-8DB6150E0530}.Release|x86.Build.0 = Release|Any CPU
		{2464CBF8-72C1-441C-B9F5-36B2ADEDCDB5}.Debug|Any CPU.ActiveCfg = Debug|Any CPU
		{2464CBF8-72C1-441C-B9F5-36B2ADEDCDB5}.Debug|Any CPU.Build.0 = Debug|Any CPU
		{2464CBF8-72C1-441C-B9F5-36B2ADEDCDB5}.Debug|x64.ActiveCfg = Debug|Any CPU
		{2464CBF8-72C1-441C-B9F5-36B2ADEDCDB5}.Debug|x64.Build.0 = Debug|Any CPU
		{2464CBF8-72C1-441C-B9F5-36B2ADEDCDB5}.Debug|x86.ActiveCfg = Debug|Any CPU
		{2464CBF8-72C1-441C-B9F5-36B2ADEDCDB5}.Debug|x86.Build.0 = Debug|Any CPU
		{2464CBF8-72C1-441C-B9F5-36B2ADEDCDB5}.Release|Any CPU.ActiveCfg = Release|Any CPU
		{2464CBF8-72C1-441C-B9F5-36B2ADEDCDB5}.Release|Any CPU.Build.0 = Release|Any CPU
		{2464CBF8-72C1-441C-B9F5-36B2ADEDCDB5}.Release|x64.ActiveCfg = Release|Any CPU
		{2464CBF8-72C1-441C-B9F5-36B2ADEDCDB5}.Release|x64.Build.0 = Release|Any CPU
		{2464CBF8-72C1-441C-B9F5-36B2ADEDCDB5}.Release|x86.ActiveCfg = Release|Any CPU
		{2464CBF8-72C1-441C-B9F5-36B2ADEDCDB5}.Release|x86.Build.0 = Release|Any CPU
		{92CD173D-430E-4EDA-A2F7-B69C5BDA35D7}.Debug|Any CPU.ActiveCfg = Debug|Any CPU
		{92CD173D-430E-4EDA-A2F7-B69C5BDA35D7}.Debug|Any CPU.Build.0 = Debug|Any CPU
		{92CD173D-430E-4EDA-A2F7-B69C5BDA35D7}.Debug|x64.ActiveCfg = Debug|Any CPU
		{92CD173D-430E-4EDA-A2F7-B69C5BDA35D7}.Debug|x64.Build.0 = Debug|Any CPU
		{92CD173D-430E-4EDA-A2F7-B69C5BDA35D7}.Debug|x86.ActiveCfg = Debug|Any CPU
		{92CD173D-430E-4EDA-A2F7-B69C5BDA35D7}.Debug|x86.Build.0 = Debug|Any CPU
		{92CD173D-430E-4EDA-A2F7-B69C5BDA35D7}.Release|Any CPU.ActiveCfg = Release|Any CPU
		{92CD173D-430E-4EDA-A2F7-B69C5BDA35D7}.Release|Any CPU.Build.0 = Release|Any CPU
		{92CD173D-430E-4EDA-A2F7-B69C5BDA35D7}.Release|x64.ActiveCfg = Release|Any CPU
		{92CD173D-430E-4EDA-A2F7-B69C5BDA35D7}.Release|x64.Build.0 = Release|Any CPU
		{92CD173D-430E-4EDA-A2F7-B69C5BDA35D7}.Release|x86.ActiveCfg = Release|Any CPU
		{92CD173D-430E-4EDA-A2F7-B69C5BDA35D7}.Release|x86.Build.0 = Release|Any CPU
		{6D162F9F-851E-4478-BF64-B06B8EBB3280}.Debug|Any CPU.ActiveCfg = Debug|Any CPU
		{6D162F9F-851E-4478-BF64-B06B8EBB3280}.Debug|Any CPU.Build.0 = Debug|Any CPU
		{6D162F9F-851E-4478-BF64-B06B8EBB3280}.Debug|x64.ActiveCfg = Debug|Any CPU
		{6D162F9F-851E-4478-BF64-B06B8EBB3280}.Debug|x64.Build.0 = Debug|Any CPU
		{6D162F9F-851E-4478-BF64-B06B8EBB3280}.Debug|x86.ActiveCfg = Debug|Any CPU
		{6D162F9F-851E-4478-BF64-B06B8EBB3280}.Debug|x86.Build.0 = Debug|Any CPU
		{6D162F9F-851E-4478-BF64-B06B8EBB3280}.Release|Any CPU.ActiveCfg = Release|Any CPU
		{6D162F9F-851E-4478-BF64-B06B8EBB3280}.Release|Any CPU.Build.0 = Release|Any CPU
		{6D162F9F-851E-4478-BF64-B06B8EBB3280}.Release|x64.ActiveCfg = Release|Any CPU
		{6D162F9F-851E-4478-BF64-B06B8EBB3280}.Release|x64.Build.0 = Release|Any CPU
		{6D162F9F-851E-4478-BF64-B06B8EBB3280}.Release|x86.ActiveCfg = Release|Any CPU
		{6D162F9F-851E-4478-BF64-B06B8EBB3280}.Release|x86.Build.0 = Release|Any CPU
		{E99F0E34-7C3D-44A2-9F2F-586F17774627}.Debug|Any CPU.ActiveCfg = Debug|Any CPU
		{E99F0E34-7C3D-44A2-9F2F-586F17774627}.Debug|Any CPU.Build.0 = Debug|Any CPU
		{E99F0E34-7C3D-44A2-9F2F-586F17774627}.Debug|x64.ActiveCfg = Debug|Any CPU
		{E99F0E34-7C3D-44A2-9F2F-586F17774627}.Debug|x64.Build.0 = Debug|Any CPU
		{E99F0E34-7C3D-44A2-9F2F-586F17774627}.Debug|x86.ActiveCfg = Debug|Any CPU
		{E99F0E34-7C3D-44A2-9F2F-586F17774627}.Debug|x86.Build.0 = Debug|Any CPU
		{E99F0E34-7C3D-44A2-9F2F-586F17774627}.Release|Any CPU.ActiveCfg = Release|Any CPU
		{E99F0E34-7C3D-44A2-9F2F-586F17774627}.Release|Any CPU.Build.0 = Release|Any CPU
		{E99F0E34-7C3D-44A2-9F2F-586F17774627}.Release|x64.ActiveCfg = Release|Any CPU
		{E99F0E34-7C3D-44A2-9F2F-586F17774627}.Release|x64.Build.0 = Release|Any CPU
		{E99F0E34-7C3D-44A2-9F2F-586F17774627}.Release|x86.ActiveCfg = Release|Any CPU
		{E99F0E34-7C3D-44A2-9F2F-586F17774627}.Release|x86.Build.0 = Release|Any CPU
		{D9A0B73A-F61E-43E8-AB57-6026A6AE996F}.Debug|Any CPU.ActiveCfg = Debug|Any CPU
		{D9A0B73A-F61E-43E8-AB57-6026A6AE996F}.Debug|Any CPU.Build.0 = Debug|Any CPU
		{D9A0B73A-F61E-43E8-AB57-6026A6AE996F}.Debug|x64.ActiveCfg = Debug|Any CPU
		{D9A0B73A-F61E-43E8-AB57-6026A6AE996F}.Debug|x64.Build.0 = Debug|Any CPU
		{D9A0B73A-F61E-43E8-AB57-6026A6AE996F}.Debug|x86.ActiveCfg = Debug|Any CPU
		{D9A0B73A-F61E-43E8-AB57-6026A6AE996F}.Debug|x86.Build.0 = Debug|Any CPU
		{D9A0B73A-F61E-43E8-AB57-6026A6AE996F}.Release|Any CPU.ActiveCfg = Release|Any CPU
		{D9A0B73A-F61E-43E8-AB57-6026A6AE996F}.Release|Any CPU.Build.0 = Release|Any CPU
		{D9A0B73A-F61E-43E8-AB57-6026A6AE996F}.Release|x64.ActiveCfg = Release|Any CPU
		{D9A0B73A-F61E-43E8-AB57-6026A6AE996F}.Release|x64.Build.0 = Release|Any CPU
		{D9A0B73A-F61E-43E8-AB57-6026A6AE996F}.Release|x86.ActiveCfg = Release|Any CPU
		{D9A0B73A-F61E-43E8-AB57-6026A6AE996F}.Release|x86.Build.0 = Release|Any CPU
		{9FA04E6E-AC2C-4057-808D-C803EB0AB0E6}.Debug|Any CPU.ActiveCfg = Debug|Any CPU
		{9FA04E6E-AC2C-4057-808D-C803EB0AB0E6}.Debug|Any CPU.Build.0 = Debug|Any CPU
		{9FA04E6E-AC2C-4057-808D-C803EB0AB0E6}.Debug|x64.ActiveCfg = Debug|Any CPU
		{9FA04E6E-AC2C-4057-808D-C803EB0AB0E6}.Debug|x64.Build.0 = Debug|Any CPU
		{9FA04E6E-AC2C-4057-808D-C803EB0AB0E6}.Debug|x86.ActiveCfg = Debug|Any CPU
		{9FA04E6E-AC2C-4057-808D-C803EB0AB0E6}.Debug|x86.Build.0 = Debug|Any CPU
		{9FA04E6E-AC2C-4057-808D-C803EB0AB0E6}.Release|Any CPU.ActiveCfg = Release|Any CPU
		{9FA04E6E-AC2C-4057-808D-C803EB0AB0E6}.Release|Any CPU.Build.0 = Release|Any CPU
		{9FA04E6E-AC2C-4057-808D-C803EB0AB0E6}.Release|x64.ActiveCfg = Release|Any CPU
		{9FA04E6E-AC2C-4057-808D-C803EB0AB0E6}.Release|x64.Build.0 = Release|Any CPU
		{9FA04E6E-AC2C-4057-808D-C803EB0AB0E6}.Release|x86.ActiveCfg = Release|Any CPU
		{9FA04E6E-AC2C-4057-808D-C803EB0AB0E6}.Release|x86.Build.0 = Release|Any CPU
		{47EB5368-2027-4140-81F7-99EDECC48D69}.Debug|Any CPU.ActiveCfg = Debug|Any CPU
		{47EB5368-2027-4140-81F7-99EDECC48D69}.Debug|Any CPU.Build.0 = Debug|Any CPU
		{47EB5368-2027-4140-81F7-99EDECC48D69}.Debug|x64.ActiveCfg = Debug|Any CPU
		{47EB5368-2027-4140-81F7-99EDECC48D69}.Debug|x64.Build.0 = Debug|Any CPU
		{47EB5368-2027-4140-81F7-99EDECC48D69}.Debug|x86.ActiveCfg = Debug|Any CPU
		{47EB5368-2027-4140-81F7-99EDECC48D69}.Debug|x86.Build.0 = Debug|Any CPU
		{47EB5368-2027-4140-81F7-99EDECC48D69}.Release|Any CPU.ActiveCfg = Release|Any CPU
		{47EB5368-2027-4140-81F7-99EDECC48D69}.Release|Any CPU.Build.0 = Release|Any CPU
		{47EB5368-2027-4140-81F7-99EDECC48D69}.Release|x64.ActiveCfg = Release|Any CPU
		{47EB5368-2027-4140-81F7-99EDECC48D69}.Release|x64.Build.0 = Release|Any CPU
		{47EB5368-2027-4140-81F7-99EDECC48D69}.Release|x86.ActiveCfg = Release|Any CPU
		{47EB5368-2027-4140-81F7-99EDECC48D69}.Release|x86.Build.0 = Release|Any CPU
		{F21E34EC-5955-4C4B-9CAA-BC4AA1BDDD77}.Debug|Any CPU.ActiveCfg = Debug|Any CPU
		{F21E34EC-5955-4C4B-9CAA-BC4AA1BDDD77}.Debug|Any CPU.Build.0 = Debug|Any CPU
		{F21E34EC-5955-4C4B-9CAA-BC4AA1BDDD77}.Debug|x64.ActiveCfg = Debug|Any CPU
		{F21E34EC-5955-4C4B-9CAA-BC4AA1BDDD77}.Debug|x64.Build.0 = Debug|Any CPU
		{F21E34EC-5955-4C4B-9CAA-BC4AA1BDDD77}.Debug|x86.ActiveCfg = Debug|Any CPU
		{F21E34EC-5955-4C4B-9CAA-BC4AA1BDDD77}.Debug|x86.Build.0 = Debug|Any CPU
		{F21E34EC-5955-4C4B-9CAA-BC4AA1BDDD77}.Release|Any CPU.ActiveCfg = Release|Any CPU
		{F21E34EC-5955-4C4B-9CAA-BC4AA1BDDD77}.Release|Any CPU.Build.0 = Release|Any CPU
		{F21E34EC-5955-4C4B-9CAA-BC4AA1BDDD77}.Release|x64.ActiveCfg = Release|Any CPU
		{F21E34EC-5955-4C4B-9CAA-BC4AA1BDDD77}.Release|x64.Build.0 = Release|Any CPU
		{F21E34EC-5955-4C4B-9CAA-BC4AA1BDDD77}.Release|x86.ActiveCfg = Release|Any CPU
		{F21E34EC-5955-4C4B-9CAA-BC4AA1BDDD77}.Release|x86.Build.0 = Release|Any CPU
		{F9BDC929-FD71-4D2D-A062-C1F1BA5B1F15}.Debug|Any CPU.ActiveCfg = Debug|Any CPU
		{F9BDC929-FD71-4D2D-A062-C1F1BA5B1F15}.Debug|Any CPU.Build.0 = Debug|Any CPU
		{F9BDC929-FD71-4D2D-A062-C1F1BA5B1F15}.Debug|x64.ActiveCfg = Debug|Any CPU
		{F9BDC929-FD71-4D2D-A062-C1F1BA5B1F15}.Debug|x64.Build.0 = Debug|Any CPU
		{F9BDC929-FD71-4D2D-A062-C1F1BA5B1F15}.Debug|x86.ActiveCfg = Debug|Any CPU
		{F9BDC929-FD71-4D2D-A062-C1F1BA5B1F15}.Debug|x86.Build.0 = Debug|Any CPU
		{F9BDC929-FD71-4D2D-A062-C1F1BA5B1F15}.Release|Any CPU.ActiveCfg = Release|Any CPU
		{F9BDC929-FD71-4D2D-A062-C1F1BA5B1F15}.Release|Any CPU.Build.0 = Release|Any CPU
		{F9BDC929-FD71-4D2D-A062-C1F1BA5B1F15}.Release|x64.ActiveCfg = Release|Any CPU
		{F9BDC929-FD71-4D2D-A062-C1F1BA5B1F15}.Release|x64.Build.0 = Release|Any CPU
		{F9BDC929-FD71-4D2D-A062-C1F1BA5B1F15}.Release|x86.ActiveCfg = Release|Any CPU
		{F9BDC929-FD71-4D2D-A062-C1F1BA5B1F15}.Release|x86.Build.0 = Release|Any CPU
		{46D17CAE-D770-4603-AF55-5AB14ABC6B84}.Debug|Any CPU.ActiveCfg = Debug|Any CPU
		{46D17CAE-D770-4603-AF55-5AB14ABC6B84}.Debug|Any CPU.Build.0 = Debug|Any CPU
		{46D17CAE-D770-4603-AF55-5AB14ABC6B84}.Debug|x64.ActiveCfg = Debug|Any CPU
		{46D17CAE-D770-4603-AF55-5AB14ABC6B84}.Debug|x64.Build.0 = Debug|Any CPU
		{46D17CAE-D770-4603-AF55-5AB14ABC6B84}.Debug|x86.ActiveCfg = Debug|Any CPU
		{46D17CAE-D770-4603-AF55-5AB14ABC6B84}.Debug|x86.Build.0 = Debug|Any CPU
		{46D17CAE-D770-4603-AF55-5AB14ABC6B84}.Release|Any CPU.ActiveCfg = Release|Any CPU
		{46D17CAE-D770-4603-AF55-5AB14ABC6B84}.Release|Any CPU.Build.0 = Release|Any CPU
		{46D17CAE-D770-4603-AF55-5AB14ABC6B84}.Release|x64.ActiveCfg = Release|Any CPU
		{46D17CAE-D770-4603-AF55-5AB14ABC6B84}.Release|x64.Build.0 = Release|Any CPU
		{46D17CAE-D770-4603-AF55-5AB14ABC6B84}.Release|x86.ActiveCfg = Release|Any CPU
		{46D17CAE-D770-4603-AF55-5AB14ABC6B84}.Release|x86.Build.0 = Release|Any CPU
		{4501BFA9-004F-40D5-A6F9-7CCBC708052A}.Debug|Any CPU.ActiveCfg = Debug|Any CPU
		{4501BFA9-004F-40D5-A6F9-7CCBC708052A}.Debug|Any CPU.Build.0 = Debug|Any CPU
		{4501BFA9-004F-40D5-A6F9-7CCBC708052A}.Debug|x64.ActiveCfg = Debug|Any CPU
		{4501BFA9-004F-40D5-A6F9-7CCBC708052A}.Debug|x64.Build.0 = Debug|Any CPU
		{4501BFA9-004F-40D5-A6F9-7CCBC708052A}.Debug|x86.ActiveCfg = Debug|Any CPU
		{4501BFA9-004F-40D5-A6F9-7CCBC708052A}.Debug|x86.Build.0 = Debug|Any CPU
		{4501BFA9-004F-40D5-A6F9-7CCBC708052A}.Release|Any CPU.ActiveCfg = Release|Any CPU
		{4501BFA9-004F-40D5-A6F9-7CCBC708052A}.Release|Any CPU.Build.0 = Release|Any CPU
		{4501BFA9-004F-40D5-A6F9-7CCBC708052A}.Release|x64.ActiveCfg = Release|Any CPU
		{4501BFA9-004F-40D5-A6F9-7CCBC708052A}.Release|x64.Build.0 = Release|Any CPU
		{4501BFA9-004F-40D5-A6F9-7CCBC708052A}.Release|x86.ActiveCfg = Release|Any CPU
		{4501BFA9-004F-40D5-A6F9-7CCBC708052A}.Release|x86.Build.0 = Release|Any CPU
		{0F26B2C3-304C-4699-89F7-3A6305E92932}.Debug|Any CPU.ActiveCfg = Debug|Any CPU
		{0F26B2C3-304C-4699-89F7-3A6305E92932}.Debug|Any CPU.Build.0 = Debug|Any CPU
		{0F26B2C3-304C-4699-89F7-3A6305E92932}.Debug|x64.ActiveCfg = Debug|Any CPU
		{0F26B2C3-304C-4699-89F7-3A6305E92932}.Debug|x64.Build.0 = Debug|Any CPU
		{0F26B2C3-304C-4699-89F7-3A6305E92932}.Debug|x86.ActiveCfg = Debug|Any CPU
		{0F26B2C3-304C-4699-89F7-3A6305E92932}.Debug|x86.Build.0 = Debug|Any CPU
		{0F26B2C3-304C-4699-89F7-3A6305E92932}.Release|Any CPU.ActiveCfg = Release|Any CPU
		{0F26B2C3-304C-4699-89F7-3A6305E92932}.Release|Any CPU.Build.0 = Release|Any CPU
		{0F26B2C3-304C-4699-89F7-3A6305E92932}.Release|x64.ActiveCfg = Release|Any CPU
		{0F26B2C3-304C-4699-89F7-3A6305E92932}.Release|x64.Build.0 = Release|Any CPU
		{0F26B2C3-304C-4699-89F7-3A6305E92932}.Release|x86.ActiveCfg = Release|Any CPU
		{0F26B2C3-304C-4699-89F7-3A6305E92932}.Release|x86.Build.0 = Release|Any CPU
		{D6B41AD8-9430-481E-BCF3-DCD8A9398E4C}.Debug|Any CPU.ActiveCfg = Debug|Any CPU
		{D6B41AD8-9430-481E-BCF3-DCD8A9398E4C}.Debug|Any CPU.Build.0 = Debug|Any CPU
		{D6B41AD8-9430-481E-BCF3-DCD8A9398E4C}.Debug|x64.ActiveCfg = Debug|Any CPU
		{D6B41AD8-9430-481E-BCF3-DCD8A9398E4C}.Debug|x64.Build.0 = Debug|Any CPU
		{D6B41AD8-9430-481E-BCF3-DCD8A9398E4C}.Debug|x86.ActiveCfg = Debug|Any CPU
		{D6B41AD8-9430-481E-BCF3-DCD8A9398E4C}.Debug|x86.Build.0 = Debug|Any CPU
		{D6B41AD8-9430-481E-BCF3-DCD8A9398E4C}.Release|Any CPU.ActiveCfg = Release|Any CPU
		{D6B41AD8-9430-481E-BCF3-DCD8A9398E4C}.Release|Any CPU.Build.0 = Release|Any CPU
		{D6B41AD8-9430-481E-BCF3-DCD8A9398E4C}.Release|x64.ActiveCfg = Release|Any CPU
		{D6B41AD8-9430-481E-BCF3-DCD8A9398E4C}.Release|x64.Build.0 = Release|Any CPU
		{D6B41AD8-9430-481E-BCF3-DCD8A9398E4C}.Release|x86.ActiveCfg = Release|Any CPU
		{D6B41AD8-9430-481E-BCF3-DCD8A9398E4C}.Release|x86.Build.0 = Release|Any CPU
		{F797B85C-9B26-4FDD-BCC6-890BD2872C96}.Debug|Any CPU.ActiveCfg = Debug|Any CPU
		{F797B85C-9B26-4FDD-BCC6-890BD2872C96}.Debug|Any CPU.Build.0 = Debug|Any CPU
		{F797B85C-9B26-4FDD-BCC6-890BD2872C96}.Debug|x64.ActiveCfg = Debug|Any CPU
		{F797B85C-9B26-4FDD-BCC6-890BD2872C96}.Debug|x64.Build.0 = Debug|Any CPU
		{F797B85C-9B26-4FDD-BCC6-890BD2872C96}.Debug|x86.ActiveCfg = Debug|Any CPU
		{F797B85C-9B26-4FDD-BCC6-890BD2872C96}.Debug|x86.Build.0 = Debug|Any CPU
		{F797B85C-9B26-4FDD-BCC6-890BD2872C96}.Release|Any CPU.ActiveCfg = Release|Any CPU
		{F797B85C-9B26-4FDD-BCC6-890BD2872C96}.Release|Any CPU.Build.0 = Release|Any CPU
		{F797B85C-9B26-4FDD-BCC6-890BD2872C96}.Release|x64.ActiveCfg = Release|Any CPU
		{F797B85C-9B26-4FDD-BCC6-890BD2872C96}.Release|x64.Build.0 = Release|Any CPU
		{F797B85C-9B26-4FDD-BCC6-890BD2872C96}.Release|x86.ActiveCfg = Release|Any CPU
		{F797B85C-9B26-4FDD-BCC6-890BD2872C96}.Release|x86.Build.0 = Release|Any CPU
		{D4ED8D44-E04C-4D07-A86C-15073B7BFB47}.Debug|Any CPU.ActiveCfg = Debug|Any CPU
		{D4ED8D44-E04C-4D07-A86C-15073B7BFB47}.Debug|Any CPU.Build.0 = Debug|Any CPU
		{D4ED8D44-E04C-4D07-A86C-15073B7BFB47}.Debug|x64.ActiveCfg = Debug|Any CPU
		{D4ED8D44-E04C-4D07-A86C-15073B7BFB47}.Debug|x64.Build.0 = Debug|Any CPU
		{D4ED8D44-E04C-4D07-A86C-15073B7BFB47}.Debug|x86.ActiveCfg = Debug|Any CPU
		{D4ED8D44-E04C-4D07-A86C-15073B7BFB47}.Debug|x86.Build.0 = Debug|Any CPU
		{D4ED8D44-E04C-4D07-A86C-15073B7BFB47}.Release|Any CPU.ActiveCfg = Release|Any CPU
		{D4ED8D44-E04C-4D07-A86C-15073B7BFB47}.Release|Any CPU.Build.0 = Release|Any CPU
		{D4ED8D44-E04C-4D07-A86C-15073B7BFB47}.Release|x64.ActiveCfg = Release|Any CPU
		{D4ED8D44-E04C-4D07-A86C-15073B7BFB47}.Release|x64.Build.0 = Release|Any CPU
		{D4ED8D44-E04C-4D07-A86C-15073B7BFB47}.Release|x86.ActiveCfg = Release|Any CPU
		{D4ED8D44-E04C-4D07-A86C-15073B7BFB47}.Release|x86.Build.0 = Release|Any CPU
		{3E400314-1930-41C5-AE50-CE670C3C0E0A}.Debug|Any CPU.ActiveCfg = Debug|Any CPU
		{3E400314-1930-41C5-AE50-CE670C3C0E0A}.Debug|Any CPU.Build.0 = Debug|Any CPU
		{3E400314-1930-41C5-AE50-CE670C3C0E0A}.Debug|x64.ActiveCfg = Debug|Any CPU
		{3E400314-1930-41C5-AE50-CE670C3C0E0A}.Debug|x64.Build.0 = Debug|Any CPU
		{3E400314-1930-41C5-AE50-CE670C3C0E0A}.Debug|x86.ActiveCfg = Debug|Any CPU
		{3E400314-1930-41C5-AE50-CE670C3C0E0A}.Debug|x86.Build.0 = Debug|Any CPU
		{3E400314-1930-41C5-AE50-CE670C3C0E0A}.Release|Any CPU.ActiveCfg = Release|Any CPU
		{3E400314-1930-41C5-AE50-CE670C3C0E0A}.Release|Any CPU.Build.0 = Release|Any CPU
		{3E400314-1930-41C5-AE50-CE670C3C0E0A}.Release|x64.ActiveCfg = Release|Any CPU
		{3E400314-1930-41C5-AE50-CE670C3C0E0A}.Release|x64.Build.0 = Release|Any CPU
		{3E400314-1930-41C5-AE50-CE670C3C0E0A}.Release|x86.ActiveCfg = Release|Any CPU
		{3E400314-1930-41C5-AE50-CE670C3C0E0A}.Release|x86.Build.0 = Release|Any CPU
		{93AAAB83-13AC-4FA4-BFA3-567B35884254}.Debug|Any CPU.ActiveCfg = Debug|Any CPU
		{93AAAB83-13AC-4FA4-BFA3-567B35884254}.Debug|Any CPU.Build.0 = Debug|Any CPU
		{93AAAB83-13AC-4FA4-BFA3-567B35884254}.Debug|x64.ActiveCfg = Debug|Any CPU
		{93AAAB83-13AC-4FA4-BFA3-567B35884254}.Debug|x64.Build.0 = Debug|Any CPU
		{93AAAB83-13AC-4FA4-BFA3-567B35884254}.Debug|x86.ActiveCfg = Debug|Any CPU
		{93AAAB83-13AC-4FA4-BFA3-567B35884254}.Debug|x86.Build.0 = Debug|Any CPU
		{93AAAB83-13AC-4FA4-BFA3-567B35884254}.Release|Any CPU.ActiveCfg = Release|Any CPU
		{93AAAB83-13AC-4FA4-BFA3-567B35884254}.Release|Any CPU.Build.0 = Release|Any CPU
		{93AAAB83-13AC-4FA4-BFA3-567B35884254}.Release|x64.ActiveCfg = Release|Any CPU
		{93AAAB83-13AC-4FA4-BFA3-567B35884254}.Release|x64.Build.0 = Release|Any CPU
		{93AAAB83-13AC-4FA4-BFA3-567B35884254}.Release|x86.ActiveCfg = Release|Any CPU
		{93AAAB83-13AC-4FA4-BFA3-567B35884254}.Release|x86.Build.0 = Release|Any CPU
	EndGlobalSection
	GlobalSection(SolutionProperties) = preSolution
		HideSolutionNode = FALSE
	EndGlobalSection
	GlobalSection(ExtensibilityGlobals) = postSolution
		SolutionGuid = {9FD05499-F257-4DE2-8165-36B529F43192}
	EndGlobalSection
	GlobalSection(NestedProjects) = preSolution
		{3BD267C2-499B-42B1-AE30-7EA9CA3A4DE9} = {33BA021F-28C2-43F6-A7E4-628849933C12}
		{3865D2A9-F028-4039-9C01-85C4138865E1} = {33BA021F-28C2-43F6-A7E4-628849933C12}
		{ACDB2C4C-CF32-4E17-893E-5AAAF7A6CF31} = {33BA021F-28C2-43F6-A7E4-628849933C12}
		{AF171C43-A365-4B12-94BF-8DB6150E0530} = {2CED8076-9242-4C3B-89F6-46FB9E1BCB08}
		{2464CBF8-72C1-441C-B9F5-36B2ADEDCDB5} = {67196256-5B58-487D-BB47-887EB5BF083A}
		{92CD173D-430E-4EDA-A2F7-B69C5BDA35D7} = {67196256-5B58-487D-BB47-887EB5BF083A}
		{6D162F9F-851E-4478-BF64-B06B8EBB3280} = {67196256-5B58-487D-BB47-887EB5BF083A}
		{E99F0E34-7C3D-44A2-9F2F-586F17774627} = {67196256-5B58-487D-BB47-887EB5BF083A}
		{D9A0B73A-F61E-43E8-AB57-6026A6AE996F} = {67196256-5B58-487D-BB47-887EB5BF083A}
		{9FA04E6E-AC2C-4057-808D-C803EB0AB0E6} = {67196256-5B58-487D-BB47-887EB5BF083A}
		{47EB5368-2027-4140-81F7-99EDECC48D69} = {67196256-5B58-487D-BB47-887EB5BF083A}
		{F21E34EC-5955-4C4B-9CAA-BC4AA1BDDD77} = {67196256-5B58-487D-BB47-887EB5BF083A}
		{F9BDC929-FD71-4D2D-A062-C1F1BA5B1F15} = {67196256-5B58-487D-BB47-887EB5BF083A}
		{46D17CAE-D770-4603-AF55-5AB14ABC6B84} = {67196256-5B58-487D-BB47-887EB5BF083A}
		{4501BFA9-004F-40D5-A6F9-7CCBC708052A} = {67196256-5B58-487D-BB47-887EB5BF083A}
		{0F26B2C3-304C-4699-89F7-3A6305E92932} = {67196256-5B58-487D-BB47-887EB5BF083A}
		{D6B41AD8-9430-481E-BCF3-DCD8A9398E4C} = {67196256-5B58-487D-BB47-887EB5BF083A}
		{F797B85C-9B26-4FDD-BCC6-890BD2872C96} = {67196256-5B58-487D-BB47-887EB5BF083A}
		{D4ED8D44-E04C-4D07-A86C-15073B7BFB47} = {67196256-5B58-487D-BB47-887EB5BF083A}
		{3E400314-1930-41C5-AE50-CE670C3C0E0A} = {67196256-5B58-487D-BB47-887EB5BF083A}
		{93AAAB83-13AC-4FA4-BFA3-567B35884254} = {67196256-5B58-487D-BB47-887EB5BF083A}
	EndGlobalSection
EndGlobal
